// !$*UTF8*$!
{
	archiveVersion = 1;
	classes = {
	};
	objectVersion = 46;
	objects = {

/* Begin PBXBuildFile section */
		EA0C9EF31E0F178E00CCD0B8 /* QuartzCore.framework in Frameworks */ = {isa = PBXBuildFile; fileRef = EA0C9EF21E0F178E00CCD0B8 /* QuartzCore.framework */; };
		EA0C9EF51E0F17DC00CCD0B8 /* Metal.framework in Frameworks */ = {isa = PBXBuildFile; fileRef = EA0C9EF41E0F17DC00CCD0B8 /* Metal.framework */; };
		EA1ACBF41C9E5D7000878EE6 /* error.png in Resources */ = {isa = PBXBuildFile; fileRef = EA1ACBF21C9E5D7000878EE6 /* error.png */; };
		EA5903511D85D3EC007E0B12 /* Globals.swift in Sources */ = {isa = PBXBuildFile; fileRef = EA59034F1D85D3EC007E0B12 /* Globals.swift */; };
		EA5903591D85D40D007E0B12 /* LightNode.swift in Sources */ = {isa = PBXBuildFile; fileRef = EA5903521D85D40D007E0B12 /* LightNode.swift */; };
		EA59035B1D85D40D007E0B12 /* ShapeNode.swift in Sources */ = {isa = PBXBuildFile; fileRef = EA5903531D85D40D007E0B12 /* ShapeNode.swift */; };
		EA59035D1D85D40D007E0B12 /* SpriteNode.swift in Sources */ = {isa = PBXBuildFile; fileRef = EA5903541D85D40D007E0B12 /* SpriteNode.swift */; };
		EA59035F1D85D40D007E0B12 /* TextNode.swift in Sources */ = {isa = PBXBuildFile; fileRef = EA5903551D85D40D007E0B12 /* TextNode.swift */; };
		EA5903611D85D40D007E0B12 /* Texture.swift in Sources */ = {isa = PBXBuildFile; fileRef = EA5903561D85D40D007E0B12 /* Texture.swift */; };
		EA5903631D85D40D007E0B12 /* TextureAtlas.swift in Sources */ = {isa = PBXBuildFile; fileRef = EA5903571D85D40D007E0B12 /* TextureAtlas.swift */; };
		EA5903691D85D425007E0B12 /* Renderable.swift in Sources */ = {isa = PBXBuildFile; fileRef = EA5903641D85D425007E0B12 /* Renderable.swift */; };
		EA59036B1D85D425007E0B12 /* NodeGeometry.swift in Sources */ = {isa = PBXBuildFile; fileRef = EA5903651D85D425007E0B12 /* NodeGeometry.swift */; };
		EA59036D1D85D425007E0B12 /* Tree.swift in Sources */ = {isa = PBXBuildFile; fileRef = EA5903661D85D425007E0B12 /* Tree.swift */; };
		EA59036F1D85D425007E0B12 /* Updateable.swift in Sources */ = {isa = PBXBuildFile; fileRef = EA5903671D85D425007E0B12 /* Updateable.swift */; };
		EA5903731D85D432007E0B12 /* Action.swift in Sources */ = {isa = PBXBuildFile; fileRef = EA5903701D85D432007E0B12 /* Action.swift */; };
		EA5903751D85D432007E0B12 /* Easing.swift in Sources */ = {isa = PBXBuildFile; fileRef = EA5903711D85D432007E0B12 /* Easing.swift */; };
		EA59037C1D85D448007E0B12 /* LightData.swift in Sources */ = {isa = PBXBuildFile; fileRef = EA5903761D85D448007E0B12 /* LightData.swift */; };
		EA5903801D85D448007E0B12 /* Quad.swift in Sources */ = {isa = PBXBuildFile; fileRef = EA5903781D85D448007E0B12 /* Quad.swift */; };
		EA5903821D85D448007E0B12 /* TextureFrame.swift in Sources */ = {isa = PBXBuildFile; fileRef = EA5903791D85D448007E0B12 /* TextureFrame.swift */; };
		EA5903841D85D448007E0B12 /* Uniforms.swift in Sources */ = {isa = PBXBuildFile; fileRef = EA59037A1D85D448007E0B12 /* Uniforms.swift */; };
		EA5903881D85D456007E0B12 /* CameraNode.swift in Sources */ = {isa = PBXBuildFile; fileRef = EA5903851D85D456007E0B12 /* CameraNode.swift */; };
		EA59038A1D85D456007E0B12 /* Node.swift in Sources */ = {isa = PBXBuildFile; fileRef = EA5903861D85D456007E0B12 /* Node.swift */; };
		EA5903921D85D47B007E0B12 /* GraphCache.swift in Sources */ = {isa = PBXBuildFile; fileRef = EA59038B1D85D47B007E0B12 /* GraphCache.swift */; };
		EA5903941D85D47B007E0B12 /* Projection.swift in Sources */ = {isa = PBXBuildFile; fileRef = EA59038C1D85D47B007E0B12 /* Projection.swift */; };
		EA5903961D85D47B007E0B12 /* Updater.swift in Sources */ = {isa = PBXBuildFile; fileRef = EA59038D1D85D47B007E0B12 /* Updater.swift */; };
		EA5903981D85D47B007E0B12 /* GameView.swift in Sources */ = {isa = PBXBuildFile; fileRef = EA59038E1D85D47B007E0B12 /* GameView.swift */; };
		EA59039A1D85D47B007E0B12 /* GameViewController.swift in Sources */ = {isa = PBXBuildFile; fileRef = EA59038F1D85D47B007E0B12 /* GameViewController.swift */; };
		EA59039C1D85D47B007E0B12 /* Scene.swift in Sources */ = {isa = PBXBuildFile; fileRef = EA5903901D85D47B007E0B12 /* Scene.swift */; };
		EA5903A51D85D4A1007E0B12 /* CompositionPipeline.swift in Sources */ = {isa = PBXBuildFile; fileRef = EA59039D1D85D4A1007E0B12 /* CompositionPipeline.swift */; };
		EA5903A71D85D4A1007E0B12 /* LightPipeline.swift in Sources */ = {isa = PBXBuildFile; fileRef = EA59039E1D85D4A1007E0B12 /* LightPipeline.swift */; };
		EA5903A91D85D4A1007E0B12 /* Renderer.swift in Sources */ = {isa = PBXBuildFile; fileRef = EA59039F1D85D4A1007E0B12 /* Renderer.swift */; };
		EA5903AB1D85D4A1007E0B12 /* RenderPassQueue.swift in Sources */ = {isa = PBXBuildFile; fileRef = EA5903A01D85D4A1007E0B12 /* RenderPassQueue.swift */; };
		EA5903AD1D85D4A1007E0B12 /* ShapePipeline.swift in Sources */ = {isa = PBXBuildFile; fileRef = EA5903A11D85D4A1007E0B12 /* ShapePipeline.swift */; };
		EA5903AF1D85D4A1007E0B12 /* SpritePipeline.swift in Sources */ = {isa = PBXBuildFile; fileRef = EA5903A21D85D4A1007E0B12 /* SpritePipeline.swift */; };
		EA5903B11D85D4A1007E0B12 /* TextPipeline.swift in Sources */ = {isa = PBXBuildFile; fileRef = EA5903A31D85D4A1007E0B12 /* TextPipeline.swift */; };
		EA5903B51D85D4AE007E0B12 /* ComputeRenderer.swift in Sources */ = {isa = PBXBuildFile; fileRef = EA5903B21D85D4AE007E0B12 /* ComputeRenderer.swift */; };
		EA5903B71D85D4AE007E0B12 /* LightTexturePipeline.swift in Sources */ = {isa = PBXBuildFile; fileRef = EA5903B31D85D4AE007E0B12 /* LightTexturePipeline.swift */; };
		EA5903BD1D85D4BC007E0B12 /* Buffer.swift in Sources */ = {isa = PBXBuildFile; fileRef = EA5903B81D85D4BC007E0B12 /* Buffer.swift */; };
		EA5903BF1D85D4BC007E0B12 /* BufferManager.swift in Sources */ = {isa = PBXBuildFile; fileRef = EA5903B91D85D4BC007E0B12 /* BufferManager.swift */; };
		EA5903C11D85D4BC007E0B12 /* Device.swift in Sources */ = {isa = PBXBuildFile; fileRef = EA5903BA1D85D4BC007E0B12 /* Device.swift */; };
		EA5903C31D85D4BC007E0B12 /* Pipeline.swift in Sources */ = {isa = PBXBuildFile; fileRef = EA5903BB1D85D4BC007E0B12 /* Pipeline.swift */; };
		EA5903C71D85D4D2007E0B12 /* ArrayExtension.swift in Sources */ = {isa = PBXBuildFile; fileRef = EA5903C41D85D4D2007E0B12 /* ArrayExtension.swift */; };
		EA5903C91D85D4D2007E0B12 /* CGExtensions.swift in Sources */ = {isa = PBXBuildFile; fileRef = EA5903C51D85D4D2007E0B12 /* CGExtensions.swift */; };
		EA5903CC1D85D4DA007E0B12 /* Rect.swift in Sources */ = {isa = PBXBuildFile; fileRef = EA5903CA1D85D4DA007E0B12 /* Rect.swift */; };
		EA5903CF1D85D4E5007E0B12 /* Color.swift in Sources */ = {isa = PBXBuildFile; fileRef = EA5903CD1D85D4E5007E0B12 /* Color.swift */; };
		EA5903D21D85D4EC007E0B12 /* Size.swift in Sources */ = {isa = PBXBuildFile; fileRef = EA5903D01D85D4EC007E0B12 /* Size.swift */; };
		EA5903D51D85D4F4007E0B12 /* Point.swift in Sources */ = {isa = PBXBuildFile; fileRef = EA5903D31D85D4F4007E0B12 /* Point.swift */; };
		EA5903DE1D85D503007E0B12 /* CompositionShaders.metal in Sources */ = {isa = PBXBuildFile; fileRef = EA5903D61D85D503007E0B12 /* CompositionShaders.metal */; };
		EA5903E01D85D503007E0B12 /* LightShaders.metal in Sources */ = {isa = PBXBuildFile; fileRef = EA5903D71D85D503007E0B12 /* LightShaders.metal */; };
		EA5903E21D85D503007E0B12 /* NormalShader.metal in Sources */ = {isa = PBXBuildFile; fileRef = EA5903D81D85D503007E0B12 /* NormalShader.metal */; };
		EA5903E41D85D503007E0B12 /* ShapeShaders.metal in Sources */ = {isa = PBXBuildFile; fileRef = EA5903D91D85D503007E0B12 /* ShapeShaders.metal */; };
		EA5903E61D85D503007E0B12 /* SpriteShaders.metal in Sources */ = {isa = PBXBuildFile; fileRef = EA5903DA1D85D503007E0B12 /* SpriteShaders.metal */; };
		EA5903E71D85D503007E0B12 /* Structures.h in Headers */ = {isa = PBXBuildFile; fileRef = EA5903DB1D85D503007E0B12 /* Structures.h */; };
		EA5903E91D85D503007E0B12 /* TextShaders.metal in Sources */ = {isa = PBXBuildFile; fileRef = EA5903DC1D85D503007E0B12 /* TextShaders.metal */; };
		EA5903F01D85D51A007E0B12 /* Mat2.swift in Sources */ = {isa = PBXBuildFile; fileRef = EA5903EB1D85D51A007E0B12 /* Mat2.swift */; };
		EA5903F21D85D51A007E0B12 /* Mat3.swift in Sources */ = {isa = PBXBuildFile; fileRef = EA5903EC1D85D51A007E0B12 /* Mat3.swift */; };
		EA5903F41D85D51A007E0B12 /* Mat4.swift in Sources */ = {isa = PBXBuildFile; fileRef = EA5903ED1D85D51A007E0B12 /* Mat4.swift */; };
		EA5903F61D85D51A007E0B12 /* Math.swift in Sources */ = {isa = PBXBuildFile; fileRef = EA5903EE1D85D51A007E0B12 /* Math.swift */; };
		EA5903FA1D85D54A007E0B12 /* FontAtlas.swift in Sources */ = {isa = PBXBuildFile; fileRef = EA5903F71D85D54A007E0B12 /* FontAtlas.swift */; };
		EA5903FC1D85D54A007E0B12 /* Fonts.swift in Sources */ = {isa = PBXBuildFile; fileRef = EA5903F81D85D54A007E0B12 /* Fonts.swift */; };
		EAE2492A1D85DBBB008DDA4C /* Vec3.swift in Sources */ = {isa = PBXBuildFile; fileRef = EAE249281D85DBBB008DDA4C /* Vec3.swift */; };
		EAE2492D1D85DCE5008DDA4C /* Vec.swift in Sources */ = {isa = PBXBuildFile; fileRef = EAE2492B1D85DCE5008DDA4C /* Vec.swift */; };
		EAE249301D85DEA0008DDA4C /* Vec4.swift in Sources */ = {isa = PBXBuildFile; fileRef = EAE2492E1D85DEA0008DDA4C /* Vec4.swift */; };
		EAE249331D85DED0008DDA4C /* Vec2.swift in Sources */ = {isa = PBXBuildFile; fileRef = EAE249311D85DED0008DDA4C /* Vec2.swift */; };
		EAE249361D85DF04008DDA4C /* Mat.swift in Sources */ = {isa = PBXBuildFile; fileRef = EAE249341D85DF04008DDA4C /* Mat.swift */; };
/* End PBXBuildFile section */

/* Begin PBXFileReference section */
		EA0363CF1C31C85F00D283E3 /* GameEngine.xctest */ = {isa = PBXFileReference; explicitFileType = wrapper.cfbundle; includeInIndex = 0; path = GameEngine.xctest; sourceTree = BUILT_PRODUCTS_DIR; };
		EA0363D51C31C85F00D283E3 /* Info.plist */ = {isa = PBXFileReference; lastKnownFileType = text.plist.xml; path = Info.plist; sourceTree = "<group>"; };
		EA0C9EF01E0F16EF00CCD0B8 /* MetalPerformanceShaders.framework */ = {isa = PBXFileReference; lastKnownFileType = wrapper.framework; name = MetalPerformanceShaders.framework; path = System/Library/Frameworks/MetalPerformanceShaders.framework; sourceTree = SDKROOT; };
		EA0C9EF21E0F178E00CCD0B8 /* QuartzCore.framework */ = {isa = PBXFileReference; lastKnownFileType = wrapper.framework; name = QuartzCore.framework; path = System/Library/Frameworks/QuartzCore.framework; sourceTree = SDKROOT; };
		EA0C9EF41E0F17DC00CCD0B8 /* Metal.framework */ = {isa = PBXFileReference; lastKnownFileType = wrapper.framework; name = Metal.framework; path = System/Library/Frameworks/Metal.framework; sourceTree = SDKROOT; };
		EA1ACBF21C9E5D7000878EE6 /* error.png */ = {isa = PBXFileReference; lastKnownFileType = image.png; name = error.png; path = resources/error.png; sourceTree = "<group>"; };
		EA59034F1D85D3EC007E0B12 /* Globals.swift */ = {isa = PBXFileReference; fileEncoding = 4; lastKnownFileType = sourcecode.swift; name = Globals.swift; path = Sources/private/Globals.swift; sourceTree = SOURCE_ROOT; };
		EA5903521D85D40D007E0B12 /* LightNode.swift */ = {isa = PBXFileReference; fileEncoding = 4; lastKnownFileType = sourcecode.swift; name = LightNode.swift; path = Sources/public/LightNode.swift; sourceTree = SOURCE_ROOT; };
		EA5903531D85D40D007E0B12 /* ShapeNode.swift */ = {isa = PBXFileReference; fileEncoding = 4; lastKnownFileType = sourcecode.swift; name = ShapeNode.swift; path = Sources/public/ShapeNode.swift; sourceTree = SOURCE_ROOT; };
		EA5903541D85D40D007E0B12 /* SpriteNode.swift */ = {isa = PBXFileReference; fileEncoding = 4; lastKnownFileType = sourcecode.swift; name = SpriteNode.swift; path = Sources/public/SpriteNode.swift; sourceTree = SOURCE_ROOT; };
		EA5903551D85D40D007E0B12 /* TextNode.swift */ = {isa = PBXFileReference; fileEncoding = 4; lastKnownFileType = sourcecode.swift; name = TextNode.swift; path = Sources/public/TextNode.swift; sourceTree = SOURCE_ROOT; };
		EA5903561D85D40D007E0B12 /* Texture.swift */ = {isa = PBXFileReference; fileEncoding = 4; lastKnownFileType = sourcecode.swift; name = Texture.swift; path = Sources/public/Texture.swift; sourceTree = SOURCE_ROOT; };
		EA5903571D85D40D007E0B12 /* TextureAtlas.swift */ = {isa = PBXFileReference; fileEncoding = 4; lastKnownFileType = sourcecode.swift; name = TextureAtlas.swift; path = Sources/public/TextureAtlas.swift; sourceTree = SOURCE_ROOT; };
		EA5903641D85D425007E0B12 /* Renderable.swift */ = {isa = PBXFileReference; fileEncoding = 4; lastKnownFileType = sourcecode.swift; name = Renderable.swift; path = Sources/private/Renderable.swift; sourceTree = SOURCE_ROOT; };
		EA5903651D85D425007E0B12 /* NodeGeometry.swift */ = {isa = PBXFileReference; fileEncoding = 4; lastKnownFileType = sourcecode.swift; name = NodeGeometry.swift; path = Sources/public/NodeGeometry.swift; sourceTree = SOURCE_ROOT; };
		EA5903661D85D425007E0B12 /* Tree.swift */ = {isa = PBXFileReference; fileEncoding = 4; lastKnownFileType = sourcecode.swift; name = Tree.swift; path = Sources/public/Tree.swift; sourceTree = SOURCE_ROOT; };
		EA5903671D85D425007E0B12 /* Updateable.swift */ = {isa = PBXFileReference; fileEncoding = 4; lastKnownFileType = sourcecode.swift; name = Updateable.swift; path = Sources/public/Updateable.swift; sourceTree = SOURCE_ROOT; };
		EA5903701D85D432007E0B12 /* Action.swift */ = {isa = PBXFileReference; fileEncoding = 4; lastKnownFileType = sourcecode.swift; name = Action.swift; path = Sources/public/Action.swift; sourceTree = SOURCE_ROOT; };
		EA5903711D85D432007E0B12 /* Easing.swift */ = {isa = PBXFileReference; fileEncoding = 4; lastKnownFileType = sourcecode.swift; name = Easing.swift; path = Sources/public/Easing.swift; sourceTree = SOURCE_ROOT; };
		EA5903761D85D448007E0B12 /* LightData.swift */ = {isa = PBXFileReference; fileEncoding = 4; lastKnownFileType = sourcecode.swift; name = LightData.swift; path = Sources/private/LightData.swift; sourceTree = SOURCE_ROOT; };
		EA5903781D85D448007E0B12 /* Quad.swift */ = {isa = PBXFileReference; fileEncoding = 4; lastKnownFileType = sourcecode.swift; name = Quad.swift; path = Sources/private/Quad.swift; sourceTree = SOURCE_ROOT; };
		EA5903791D85D448007E0B12 /* TextureFrame.swift */ = {isa = PBXFileReference; fileEncoding = 4; lastKnownFileType = sourcecode.swift; name = TextureFrame.swift; path = Sources/private/TextureFrame.swift; sourceTree = SOURCE_ROOT; };
		EA59037A1D85D448007E0B12 /* Uniforms.swift */ = {isa = PBXFileReference; fileEncoding = 4; lastKnownFileType = sourcecode.swift; name = Uniforms.swift; path = Sources/private/Uniforms.swift; sourceTree = SOURCE_ROOT; };
		EA5903851D85D456007E0B12 /* CameraNode.swift */ = {isa = PBXFileReference; fileEncoding = 4; lastKnownFileType = sourcecode.swift; name = CameraNode.swift; path = Sources/public/CameraNode.swift; sourceTree = SOURCE_ROOT; };
		EA5903861D85D456007E0B12 /* Node.swift */ = {isa = PBXFileReference; fileEncoding = 4; lastKnownFileType = sourcecode.swift; name = Node.swift; path = Sources/public/Node.swift; sourceTree = SOURCE_ROOT; };
		EA59038B1D85D47B007E0B12 /* GraphCache.swift */ = {isa = PBXFileReference; fileEncoding = 4; lastKnownFileType = sourcecode.swift; name = GraphCache.swift; path = Sources/private/GraphCache.swift; sourceTree = SOURCE_ROOT; };
		EA59038C1D85D47B007E0B12 /* Projection.swift */ = {isa = PBXFileReference; fileEncoding = 4; lastKnownFileType = sourcecode.swift; name = Projection.swift; path = Sources/private/Projection.swift; sourceTree = SOURCE_ROOT; };
		EA59038D1D85D47B007E0B12 /* Updater.swift */ = {isa = PBXFileReference; fileEncoding = 4; lastKnownFileType = sourcecode.swift; name = Updater.swift; path = Sources/private/Updater.swift; sourceTree = SOURCE_ROOT; };
		EA59038E1D85D47B007E0B12 /* GameView.swift */ = {isa = PBXFileReference; fileEncoding = 4; lastKnownFileType = sourcecode.swift; name = GameView.swift; path = Sources/public/GameView.swift; sourceTree = SOURCE_ROOT; };
		EA59038F1D85D47B007E0B12 /* GameViewController.swift */ = {isa = PBXFileReference; fileEncoding = 4; lastKnownFileType = sourcecode.swift; name = GameViewController.swift; path = Sources/public/GameViewController.swift; sourceTree = SOURCE_ROOT; };
		EA5903901D85D47B007E0B12 /* Scene.swift */ = {isa = PBXFileReference; fileEncoding = 4; lastKnownFileType = sourcecode.swift; name = Scene.swift; path = Sources/public/Scene.swift; sourceTree = SOURCE_ROOT; };
		EA59039D1D85D4A1007E0B12 /* CompositionPipeline.swift */ = {isa = PBXFileReference; fileEncoding = 4; lastKnownFileType = sourcecode.swift; name = CompositionPipeline.swift; path = Sources/private/CompositionPipeline.swift; sourceTree = SOURCE_ROOT; };
		EA59039E1D85D4A1007E0B12 /* LightPipeline.swift */ = {isa = PBXFileReference; fileEncoding = 4; lastKnownFileType = sourcecode.swift; name = LightPipeline.swift; path = Sources/private/LightPipeline.swift; sourceTree = SOURCE_ROOT; };
		EA59039F1D85D4A1007E0B12 /* Renderer.swift */ = {isa = PBXFileReference; fileEncoding = 4; lastKnownFileType = sourcecode.swift; name = Renderer.swift; path = Sources/private/Renderer.swift; sourceTree = SOURCE_ROOT; };
		EA5903A01D85D4A1007E0B12 /* RenderPassQueue.swift */ = {isa = PBXFileReference; fileEncoding = 4; lastKnownFileType = sourcecode.swift; name = RenderPassQueue.swift; path = Sources/private/RenderPassQueue.swift; sourceTree = SOURCE_ROOT; };
		EA5903A11D85D4A1007E0B12 /* ShapePipeline.swift */ = {isa = PBXFileReference; fileEncoding = 4; lastKnownFileType = sourcecode.swift; name = ShapePipeline.swift; path = Sources/private/ShapePipeline.swift; sourceTree = SOURCE_ROOT; };
		EA5903A21D85D4A1007E0B12 /* SpritePipeline.swift */ = {isa = PBXFileReference; fileEncoding = 4; lastKnownFileType = sourcecode.swift; name = SpritePipeline.swift; path = Sources/private/SpritePipeline.swift; sourceTree = SOURCE_ROOT; };
		EA5903A31D85D4A1007E0B12 /* TextPipeline.swift */ = {isa = PBXFileReference; fileEncoding = 4; lastKnownFileType = sourcecode.swift; name = TextPipeline.swift; path = Sources/private/TextPipeline.swift; sourceTree = SOURCE_ROOT; };
		EA5903B21D85D4AE007E0B12 /* ComputeRenderer.swift */ = {isa = PBXFileReference; fileEncoding = 4; lastKnownFileType = sourcecode.swift; name = ComputeRenderer.swift; path = Sources/private/ComputeRenderer.swift; sourceTree = SOURCE_ROOT; };
		EA5903B31D85D4AE007E0B12 /* LightTexturePipeline.swift */ = {isa = PBXFileReference; fileEncoding = 4; lastKnownFileType = sourcecode.swift; name = LightTexturePipeline.swift; path = Sources/private/LightTexturePipeline.swift; sourceTree = SOURCE_ROOT; };
		EA5903B81D85D4BC007E0B12 /* Buffer.swift */ = {isa = PBXFileReference; fileEncoding = 4; lastKnownFileType = sourcecode.swift; name = Buffer.swift; path = Sources/private/Buffer.swift; sourceTree = SOURCE_ROOT; };
		EA5903B91D85D4BC007E0B12 /* BufferManager.swift */ = {isa = PBXFileReference; fileEncoding = 4; lastKnownFileType = sourcecode.swift; name = BufferManager.swift; path = Sources/private/BufferManager.swift; sourceTree = SOURCE_ROOT; };
		EA5903BA1D85D4BC007E0B12 /* Device.swift */ = {isa = PBXFileReference; fileEncoding = 4; lastKnownFileType = sourcecode.swift; name = Device.swift; path = Sources/private/Device.swift; sourceTree = SOURCE_ROOT; };
		EA5903BB1D85D4BC007E0B12 /* Pipeline.swift */ = {isa = PBXFileReference; fileEncoding = 4; lastKnownFileType = sourcecode.swift; name = Pipeline.swift; path = Sources/private/Pipeline.swift; sourceTree = SOURCE_ROOT; };
		EA5903C41D85D4D2007E0B12 /* ArrayExtension.swift */ = {isa = PBXFileReference; fileEncoding = 4; lastKnownFileType = sourcecode.swift; name = ArrayExtension.swift; path = Sources/extensions/ArrayExtension.swift; sourceTree = SOURCE_ROOT; };
		EA5903C51D85D4D2007E0B12 /* CGExtensions.swift */ = {isa = PBXFileReference; fileEncoding = 4; lastKnownFileType = sourcecode.swift; name = CGExtensions.swift; path = Sources/extensions/CGExtensions.swift; sourceTree = SOURCE_ROOT; };
		EA5903CA1D85D4DA007E0B12 /* Rect.swift */ = {isa = PBXFileReference; fileEncoding = 4; lastKnownFileType = sourcecode.swift; name = Rect.swift; path = Sources/public/Rect.swift; sourceTree = SOURCE_ROOT; };
		EA5903CD1D85D4E5007E0B12 /* Color.swift */ = {isa = PBXFileReference; fileEncoding = 4; lastKnownFileType = sourcecode.swift; name = Color.swift; path = Sources/public/Color.swift; sourceTree = SOURCE_ROOT; };
		EA5903D01D85D4EC007E0B12 /* Size.swift */ = {isa = PBXFileReference; fileEncoding = 4; lastKnownFileType = sourcecode.swift; name = Size.swift; path = Sources/public/Size.swift; sourceTree = SOURCE_ROOT; };
		EA5903D31D85D4F4007E0B12 /* Point.swift */ = {isa = PBXFileReference; fileEncoding = 4; lastKnownFileType = sourcecode.swift; name = Point.swift; path = Sources/public/Point.swift; sourceTree = SOURCE_ROOT; };
		EA5903D61D85D503007E0B12 /* CompositionShaders.metal */ = {isa = PBXFileReference; fileEncoding = 4; lastKnownFileType = sourcecode.metal; name = CompositionShaders.metal; path = Sources/shaders/CompositionShaders.metal; sourceTree = SOURCE_ROOT; };
		EA5903D71D85D503007E0B12 /* LightShaders.metal */ = {isa = PBXFileReference; fileEncoding = 4; lastKnownFileType = sourcecode.metal; name = LightShaders.metal; path = Sources/shaders/LightShaders.metal; sourceTree = SOURCE_ROOT; };
		EA5903D81D85D503007E0B12 /* NormalShader.metal */ = {isa = PBXFileReference; fileEncoding = 4; lastKnownFileType = sourcecode.metal; name = NormalShader.metal; path = Sources/shaders/NormalShader.metal; sourceTree = SOURCE_ROOT; };
		EA5903D91D85D503007E0B12 /* ShapeShaders.metal */ = {isa = PBXFileReference; fileEncoding = 4; lastKnownFileType = sourcecode.metal; name = ShapeShaders.metal; path = Sources/shaders/ShapeShaders.metal; sourceTree = SOURCE_ROOT; };
		EA5903DA1D85D503007E0B12 /* SpriteShaders.metal */ = {isa = PBXFileReference; fileEncoding = 4; lastKnownFileType = sourcecode.metal; name = SpriteShaders.metal; path = Sources/shaders/SpriteShaders.metal; sourceTree = SOURCE_ROOT; };
		EA5903DB1D85D503007E0B12 /* Structures.h */ = {isa = PBXFileReference; fileEncoding = 4; lastKnownFileType = sourcecode.c.h; name = Structures.h; path = Sources/shaders/Structures.h; sourceTree = SOURCE_ROOT; };
		EA5903DC1D85D503007E0B12 /* TextShaders.metal */ = {isa = PBXFileReference; fileEncoding = 4; lastKnownFileType = sourcecode.metal; name = TextShaders.metal; path = Sources/shaders/TextShaders.metal; sourceTree = SOURCE_ROOT; };
		EA5903EB1D85D51A007E0B12 /* Mat2.swift */ = {isa = PBXFileReference; fileEncoding = 4; lastKnownFileType = sourcecode.swift; name = Mat2.swift; path = Sources/math/Mat2.swift; sourceTree = "<group>"; };
		EA5903EC1D85D51A007E0B12 /* Mat3.swift */ = {isa = PBXFileReference; fileEncoding = 4; lastKnownFileType = sourcecode.swift; name = Mat3.swift; path = Sources/math/Mat3.swift; sourceTree = "<group>"; };
		EA5903ED1D85D51A007E0B12 /* Mat4.swift */ = {isa = PBXFileReference; fileEncoding = 4; lastKnownFileType = sourcecode.swift; name = Mat4.swift; path = Sources/math/Mat4.swift; sourceTree = "<group>"; };
		EA5903EE1D85D51A007E0B12 /* Math.swift */ = {isa = PBXFileReference; fileEncoding = 4; lastKnownFileType = sourcecode.swift; name = Math.swift; path = Sources/math/Math.swift; sourceTree = "<group>"; };
		EA5903F71D85D54A007E0B12 /* FontAtlas.swift */ = {isa = PBXFileReference; fileEncoding = 4; lastKnownFileType = sourcecode.swift; name = FontAtlas.swift; path = Sources/private/FontAtlas.swift; sourceTree = SOURCE_ROOT; };
		EA5903F81D85D54A007E0B12 /* Fonts.swift */ = {isa = PBXFileReference; fileEncoding = 4; lastKnownFileType = sourcecode.swift; name = Fonts.swift; path = Sources/private/Fonts.swift; sourceTree = SOURCE_ROOT; };
		EA8F00B21DC6AFAF00D9BB60 /* Floor.png */ = {isa = PBXFileReference; lastKnownFileType = image.png; name = Floor.png; path = resources/environ/Floor.png; sourceTree = "<group>"; };
		EA8F00B31DC6AFAF00D9BB60 /* OpenDoor.png */ = {isa = PBXFileReference; lastKnownFileType = image.png; name = OpenDoor.png; path = resources/environ/OpenDoor.png; sourceTree = "<group>"; };
		EA8F00B41DC6AFAF00D9BB60 /* StairsDown.png */ = {isa = PBXFileReference; lastKnownFileType = image.png; name = StairsDown.png; path = resources/environ/StairsDown.png; sourceTree = "<group>"; };
		EA8F00B51DC6AFAF00D9BB60 /* StairsUp.png */ = {isa = PBXFileReference; lastKnownFileType = image.png; name = StairsUp.png; path = resources/environ/StairsUp.png; sourceTree = "<group>"; };
		EA8F00B61DC6AFAF00D9BB60 /* Wall.png */ = {isa = PBXFileReference; lastKnownFileType = image.png; name = Wall.png; path = resources/environ/Wall.png; sourceTree = "<group>"; };
		EAA99D781C41E10900CF3246 /* GameEngine.framework */ = {isa = PBXFileReference; explicitFileType = wrapper.framework; includeInIndex = 0; path = GameEngine.framework; sourceTree = BUILT_PRODUCTS_DIR; };
		EAA99E241C41E65700CF3246 /* Assets.xcassets */ = {isa = PBXFileReference; lastKnownFileType = folder.assetcatalog; name = Assets.xcassets; path = resources/Assets.xcassets; sourceTree = "<group>"; };
		EAA99E2C1C41E6A500CF3246 /* Info.plist */ = {isa = PBXFileReference; lastKnownFileType = text.plist.xml; name = Info.plist; path = resources/Test/Info.plist; sourceTree = "<group>"; };
		EAA99E2D1C41E6A500CF3246 /* LaunchScreen.storyboard */ = {isa = PBXFileReference; lastKnownFileType = file.storyboard; name = LaunchScreen.storyboard; path = resources/Test/LaunchScreen.storyboard; sourceTree = "<group>"; };
		EAA99E2F1C41E6BC00CF3246 /* GameEngine.h */ = {isa = PBXFileReference; lastKnownFileType = sourcecode.c.h; name = GameEngine.h; path = resources/GEFramework/GameEngine.h; sourceTree = "<group>"; };
		EAA99E301C41E6BC00CF3246 /* Info.plist */ = {isa = PBXFileReference; lastKnownFileType = text.plist.xml; name = Info.plist; path = resources/GEFramework/Info.plist; sourceTree = "<group>"; };
		EAE249281D85DBBB008DDA4C /* Vec3.swift */ = {isa = PBXFileReference; fileEncoding = 4; lastKnownFileType = sourcecode.swift; name = Vec3.swift; path = Sources/math/Vec3.swift; sourceTree = "<group>"; };
		EAE2492B1D85DCE5008DDA4C /* Vec.swift */ = {isa = PBXFileReference; fileEncoding = 4; lastKnownFileType = sourcecode.swift; name = Vec.swift; path = Sources/math/Vec.swift; sourceTree = "<group>"; };
		EAE2492E1D85DEA0008DDA4C /* Vec4.swift */ = {isa = PBXFileReference; fileEncoding = 4; lastKnownFileType = sourcecode.swift; name = Vec4.swift; path = Sources/math/Vec4.swift; sourceTree = "<group>"; };
		EAE249311D85DED0008DDA4C /* Vec2.swift */ = {isa = PBXFileReference; fileEncoding = 4; lastKnownFileType = sourcecode.swift; name = Vec2.swift; path = Sources/math/Vec2.swift; sourceTree = "<group>"; };
		EAE249341D85DF04008DDA4C /* Mat.swift */ = {isa = PBXFileReference; fileEncoding = 4; lastKnownFileType = sourcecode.swift; name = Mat.swift; path = Sources/math/Mat.swift; sourceTree = "<group>"; };
/* End PBXFileReference section */

/* Begin PBXFrameworksBuildPhase section */
		EA0363CC1C31C85F00D283E3 /* Frameworks */ = {
			isa = PBXFrameworksBuildPhase;
			buildActionMask = 2147483647;
			files = (
			);
			runOnlyForDeploymentPostprocessing = 0;
		};
		EAA99D741C41E10900CF3246 /* Frameworks */ = {
			isa = PBXFrameworksBuildPhase;
			buildActionMask = 2147483647;
			files = (
				EA0C9EF51E0F17DC00CCD0B8 /* Metal.framework in Frameworks */,
				EA0C9EF31E0F178E00CCD0B8 /* QuartzCore.framework in Frameworks */,
			);
			runOnlyForDeploymentPostprocessing = 0;
		};
/* End PBXFrameworksBuildPhase section */

/* Begin PBXGroup section */
		EA0363B01C31C85E00D283E3 = {
			isa = PBXGroup;
			children = (
				EA0363BB1C31C85E00D283E3 /* GameEngine */,
				EAA99DE71C41E53800CF3246 /* Shaders */,
				EAE6ED401CCBC1090046A5BE /* Math */,
				EAA99E231C41E64700CF3246 /* resources */,
				EA0363D21C31C85F00D283E3 /* GameEngineTests */,
				EA0363BA1C31C85E00D283E3 /* Products */,
				EA0C9EEF1E0F16EF00CCD0B8 /* Frameworks */,
			);
			sourceTree = "<group>";
		};
		EA0363BA1C31C85E00D283E3 /* Products */ = {
			isa = PBXGroup;
			children = (
				EA0363CF1C31C85F00D283E3 /* GameEngine.xctest */,
				EAA99D781C41E10900CF3246 /* GameEngine.framework */,
			);
			name = Products;
			sourceTree = "<group>";
		};
		EA0363BB1C31C85E00D283E3 /* GameEngine */ = {
			isa = PBXGroup;
			children = (
				EA59034F1D85D3EC007E0B12 /* Globals.swift */,
				EAC6405A1C346D6B00B6AE68 /* Nodes */,
				EAE75E391C42D096001EB176 /* Views */,
				EAC640A01C34B17A00B6AE68 /* Extensions */,
			);
			name = GameEngine;
			path = MKTest;
			sourceTree = "<group>";
		};
		EA0363D21C31C85F00D283E3 /* GameEngineTests */ = {
			isa = PBXGroup;
			children = (
				EA0363D51C31C85F00D283E3 /* Info.plist */,
			);
			name = GameEngineTests;
			path = MKTestTests;
			sourceTree = "<group>";
		};
		EA0C9EEF1E0F16EF00CCD0B8 /* Frameworks */ = {
			isa = PBXGroup;
			children = (
				EA0C9EF41E0F17DC00CCD0B8 /* Metal.framework */,
				EA0C9EF21E0F178E00CCD0B8 /* QuartzCore.framework */,
				EA0C9EF01E0F16EF00CCD0B8 /* MetalPerformanceShaders.framework */,
			);
			name = Frameworks;
			sourceTree = "<group>";
		};
		EA0DDB9F1C66E1E4002DD5B7 /* Font */ = {
			isa = PBXGroup;
			children = (
				EA5903F71D85D54A007E0B12 /* FontAtlas.swift */,
				EA5903F81D85D54A007E0B12 /* Fonts.swift */,
			);
			name = Font;
			sourceTree = "<group>";
		};
		EA256A141CA88089008F720B /* Rendered */ = {
			isa = PBXGroup;
			children = (
				EA5903521D85D40D007E0B12 /* LightNode.swift */,
				EA5903531D85D40D007E0B12 /* ShapeNode.swift */,
				EA5903541D85D40D007E0B12 /* SpriteNode.swift */,
				EA5903551D85D40D007E0B12 /* TextNode.swift */,
				EA5903561D85D40D007E0B12 /* Texture.swift */,
				EA5903571D85D40D007E0B12 /* TextureAtlas.swift */,
			);
			name = Rendered;
			sourceTree = "<group>";
		};
		EA4A58571C38823D00D39F17 /* Animation */ = {
			isa = PBXGroup;
			children = (
				EA5903701D85D432007E0B12 /* Action.swift */,
				EA5903711D85D432007E0B12 /* Easing.swift */,
			);
			name = Animation;
			sourceTree = "<group>";
		};
		EA5903EA1D85D507007E0B12 /* Shared */ = {
			isa = PBXGroup;
			children = (
				EA5903DB1D85D503007E0B12 /* Structures.h */,
			);
			name = Shared;
			sourceTree = "<group>";
		};
		EA8F00A71DC6AF5F00D9BB60 /* Environ */ = {
			isa = PBXGroup;
			children = (
				EA8F00B21DC6AFAF00D9BB60 /* Floor.png */,
				EA8F00B31DC6AFAF00D9BB60 /* OpenDoor.png */,
				EA8F00B41DC6AFAF00D9BB60 /* StairsDown.png */,
				EA8F00B51DC6AFAF00D9BB60 /* StairsUp.png */,
				EA8F00B61DC6AFAF00D9BB60 /* Wall.png */,
			);
			name = Environ;
			sourceTree = "<group>";
		};
		EAA99DE71C41E53800CF3246 /* Shaders */ = {
			isa = PBXGroup;
			children = (
				EA5903EA1D85D507007E0B12 /* Shared */,
				EA5903D61D85D503007E0B12 /* CompositionShaders.metal */,
				EA5903D71D85D503007E0B12 /* LightShaders.metal */,
				EA5903D81D85D503007E0B12 /* NormalShader.metal */,
				EA5903D91D85D503007E0B12 /* ShapeShaders.metal */,
				EA5903DA1D85D503007E0B12 /* SpriteShaders.metal */,
				EA5903DC1D85D503007E0B12 /* TextShaders.metal */,
			);
			name = Shaders;
			path = MKTest;
			sourceTree = "<group>";
		};
		EAA99E231C41E64700CF3246 /* resources */ = {
			isa = PBXGroup;
			children = (
				EA8F00A71DC6AF5F00D9BB60 /* Environ */,
				EAA99E241C41E65700CF3246 /* Assets.xcassets */,
				EA1ACBF21C9E5D7000878EE6 /* error.png */,
				EAA99E2B1C41E68D00CF3246 /* Test */,
				EAA99E2A1C41E68800CF3246 /* GEFramework */,
			);
			name = resources;
			sourceTree = "<group>";
		};
		EAA99E2A1C41E68800CF3246 /* GEFramework */ = {
			isa = PBXGroup;
			children = (
				EAA99E2F1C41E6BC00CF3246 /* GameEngine.h */,
				EAA99E301C41E6BC00CF3246 /* Info.plist */,
			);
			name = GEFramework;
			sourceTree = "<group>";
		};
		EAA99E2B1C41E68D00CF3246 /* Test */ = {
			isa = PBXGroup;
			children = (
				EAA99E2C1C41E6A500CF3246 /* Info.plist */,
				EAA99E2D1C41E6A500CF3246 /* LaunchScreen.storyboard */,
			);
			name = Test;
			sourceTree = "<group>";
		};
		EABDF74F1CFCB96800F555BF /* Compute */ = {
			isa = PBXGroup;
			children = (
				EA5903B21D85D4AE007E0B12 /* ComputeRenderer.swift */,
				EA5903B31D85D4AE007E0B12 /* LightTexturePipeline.swift */,
			);
			name = Compute;
			sourceTree = "<group>";
		};
		EABDF7501CFCB97B00F555BF /* RenderPipelines */ = {
			isa = PBXGroup;
			children = (
				EA59039D1D85D4A1007E0B12 /* CompositionPipeline.swift */,
				EA59039E1D85D4A1007E0B12 /* LightPipeline.swift */,
				EA59039F1D85D4A1007E0B12 /* Renderer.swift */,
				EA5903A01D85D4A1007E0B12 /* RenderPassQueue.swift */,
				EA5903A11D85D4A1007E0B12 /* ShapePipeline.swift */,
				EA5903A21D85D4A1007E0B12 /* SpritePipeline.swift */,
				EA5903A31D85D4A1007E0B12 /* TextPipeline.swift */,
			);
			name = RenderPipelines;
			sourceTree = "<group>";
		};
		EAC6405A1C346D6B00B6AE68 /* Nodes */ = {
			isa = PBXGroup;
			children = (
				EA256A141CA88089008F720B /* Rendered */,
				EAFD76951C836BB200ABDC50 /* Protocols */,
				EA4A58571C38823D00D39F17 /* Animation */,
				EAC640A11C34B60E00B6AE68 /* DataStructures */,
				EA5903851D85D456007E0B12 /* CameraNode.swift */,
				EA5903861D85D456007E0B12 /* Node.swift */,
			);
			name = Nodes;
			sourceTree = "<group>";
		};
		EAC6405B1C34708700B6AE68 /* RenderPipelines */ = {
			isa = PBXGroup;
			children = (
				EABDF7501CFCB97B00F555BF /* RenderPipelines */,
				EABDF74F1CFCB96800F555BF /* Compute */,
				EA5903B81D85D4BC007E0B12 /* Buffer.swift */,
				EA5903B91D85D4BC007E0B12 /* BufferManager.swift */,
				EA5903BA1D85D4BC007E0B12 /* Device.swift */,
				EA5903BB1D85D4BC007E0B12 /* Pipeline.swift */,
			);
			name = RenderPipelines;
			sourceTree = "<group>";
		};
		EAC640A01C34B17A00B6AE68 /* Extensions */ = {
			isa = PBXGroup;
			children = (
				EA5903C41D85D4D2007E0B12 /* ArrayExtension.swift */,
				EA5903C51D85D4D2007E0B12 /* CGExtensions.swift */,
				EA5903CD1D85D4E5007E0B12 /* Color.swift */,
				EA5903D31D85D4F4007E0B12 /* Point.swift */,
				EA5903CA1D85D4DA007E0B12 /* Rect.swift */,
				EA5903D01D85D4EC007E0B12 /* Size.swift */,
			);
			name = Extensions;
			sourceTree = "<group>";
		};
		EAC640A11C34B60E00B6AE68 /* DataStructures */ = {
			isa = PBXGroup;
			children = (
				EA5903761D85D448007E0B12 /* LightData.swift */,
				EA5903781D85D448007E0B12 /* Quad.swift */,
				EA5903791D85D448007E0B12 /* TextureFrame.swift */,
				EA59037A1D85D448007E0B12 /* Uniforms.swift */,
			);
			name = DataStructures;
			sourceTree = "<group>";
		};
		EAE6ED401CCBC1090046A5BE /* Math */ = {
			isa = PBXGroup;
			children = (
				EAE249341D85DF04008DDA4C /* Mat.swift */,
				EAE2492B1D85DCE5008DDA4C /* Vec.swift */,
				EAE249311D85DED0008DDA4C /* Vec2.swift */,
				EA5903EB1D85D51A007E0B12 /* Mat2.swift */,
				EAE249281D85DBBB008DDA4C /* Vec3.swift */,
				EA5903EC1D85D51A007E0B12 /* Mat3.swift */,
				EAE2492E1D85DEA0008DDA4C /* Vec4.swift */,
				EA5903ED1D85D51A007E0B12 /* Mat4.swift */,
				EA5903EE1D85D51A007E0B12 /* Math.swift */,
			);
			name = Math;
			sourceTree = "<group>";
		};
		EAE75E391C42D096001EB176 /* Views */ = {
			isa = PBXGroup;
			children = (
				EA0DDB9F1C66E1E4002DD5B7 /* Font */,
				EAC6405B1C34708700B6AE68 /* RenderPipelines */,
				EA59038B1D85D47B007E0B12 /* GraphCache.swift */,
				EA59038C1D85D47B007E0B12 /* Projection.swift */,
				EA59038D1D85D47B007E0B12 /* Updater.swift */,
				EA59038E1D85D47B007E0B12 /* GameView.swift */,
				EA59038F1D85D47B007E0B12 /* GameViewController.swift */,
				EA5903901D85D47B007E0B12 /* Scene.swift */,
			);
			name = Views;
			sourceTree = "<group>";
		};
		EAFD76951C836BB200ABDC50 /* Protocols */ = {
			isa = PBXGroup;
			children = (
				EA5903641D85D425007E0B12 /* Renderable.swift */,
				EA5903651D85D425007E0B12 /* NodeGeometry.swift */,
				EA5903661D85D425007E0B12 /* Tree.swift */,
				EA5903671D85D425007E0B12 /* Updateable.swift */,
			);
			name = Protocols;
			sourceTree = "<group>";
		};
/* End PBXGroup section */

/* Begin PBXHeadersBuildPhase section */
		EAA99D751C41E10900CF3246 /* Headers */ = {
			isa = PBXHeadersBuildPhase;
			buildActionMask = 2147483647;
			files = (
				EA5903E71D85D503007E0B12 /* Structures.h in Headers */,
			);
			runOnlyForDeploymentPostprocessing = 0;
		};
/* End PBXHeadersBuildPhase section */

/* Begin PBXNativeTarget section */
		EA0363CE1C31C85F00D283E3 /* GameEngineTests */ = {
			isa = PBXNativeTarget;
			buildConfigurationList = EA0363E61C31C85F00D283E3 /* Build configuration list for PBXNativeTarget "GameEngineTests" */;
			buildPhases = (
				EA0363CB1C31C85F00D283E3 /* Sources */,
				EA0363CC1C31C85F00D283E3 /* Frameworks */,
				EA0363CD1C31C85F00D283E3 /* Resources */,
			);
			buildRules = (
			);
			dependencies = (
			);
			name = GameEngineTests;
			productName = MKTestTests;
			productReference = EA0363CF1C31C85F00D283E3 /* GameEngine.xctest */;
			productType = "com.apple.product-type.bundle.unit-test";
		};
		EAA99D771C41E10900CF3246 /* GameEngine */ = {
			isa = PBXNativeTarget;
			buildConfigurationList = EAA99D7D1C41E10A00CF3246 /* Build configuration list for PBXNativeTarget "GameEngine" */;
			buildPhases = (
				EAA99D731C41E10900CF3246 /* Sources */,
				EAA99D741C41E10900CF3246 /* Frameworks */,
				EAA99D751C41E10900CF3246 /* Headers */,
				EAA99D761C41E10900CF3246 /* Resources */,
			);
			buildRules = (
			);
			dependencies = (
			);
			name = GameEngine;
			productName = GameEngine;
			productReference = EAA99D781C41E10900CF3246 /* GameEngine.framework */;
			productType = "com.apple.product-type.framework";
		};
/* End PBXNativeTarget section */

/* Begin PBXProject section */
		EA0363B11C31C85E00D283E3 /* Project object */ = {
			isa = PBXProject;
			attributes = {
				LastSwiftUpdateCheck = 0720;
				LastUpgradeCheck = 0800;
				ORGANIZATIONNAME = "Anthony Green";
				TargetAttributes = {
					EA0363CE1C31C85F00D283E3 = {
						CreatedOnToolsVersion = 7.2;
						LastSwiftMigration = 0800;
						TestTargetID = EA0363B81C31C85E00D283E3;
					};
					EAA99D771C41E10900CF3246 = {
						CreatedOnToolsVersion = 7.2;
					};
				};
			};
			buildConfigurationList = EA0363B41C31C85E00D283E3 /* Build configuration list for PBXProject "GameEngine" */;
			compatibilityVersion = "Xcode 3.2";
			developmentRegion = English;
			hasScannedForEncodings = 0;
			knownRegions = (
				en,
				Base,
			);
			mainGroup = EA0363B01C31C85E00D283E3;
			productRefGroup = EA0363BA1C31C85E00D283E3 /* Products */;
			projectDirPath = "";
			projectRoot = "";
			targets = (
				EAA99D771C41E10900CF3246 /* GameEngine */,
				EA0363CE1C31C85F00D283E3 /* GameEngineTests */,
			);
		};
/* End PBXProject section */

/* Begin PBXResourcesBuildPhase section */
		EA0363CD1C31C85F00D283E3 /* Resources */ = {
			isa = PBXResourcesBuildPhase;
			buildActionMask = 2147483647;
			files = (
			);
			runOnlyForDeploymentPostprocessing = 0;
		};
		EAA99D761C41E10900CF3246 /* Resources */ = {
			isa = PBXResourcesBuildPhase;
			buildActionMask = 2147483647;
			files = (
				EA1ACBF41C9E5D7000878EE6 /* error.png in Resources */,
			);
			runOnlyForDeploymentPostprocessing = 0;
		};
/* End PBXResourcesBuildPhase section */

/* Begin PBXSourcesBuildPhase section */
		EA0363CB1C31C85F00D283E3 /* Sources */ = {
			isa = PBXSourcesBuildPhase;
			buildActionMask = 2147483647;
			files = (
			);
			runOnlyForDeploymentPostprocessing = 0;
		};
		EAA99D731C41E10900CF3246 /* Sources */ = {
			isa = PBXSourcesBuildPhase;
			buildActionMask = 2147483647;
			files = (
				EAE2492D1D85DCE5008DDA4C /* Vec.swift in Sources */,
				EA5903511D85D3EC007E0B12 /* Globals.swift in Sources */,
				EAE249301D85DEA0008DDA4C /* Vec4.swift in Sources */,
				EA5903F01D85D51A007E0B12 /* Mat2.swift in Sources */,
				EA59037C1D85D448007E0B12 /* LightData.swift in Sources */,
				EA5903BF1D85D4BC007E0B12 /* BufferManager.swift in Sources */,
				EA5903841D85D448007E0B12 /* Uniforms.swift in Sources */,
				EA5903B11D85D4A1007E0B12 /* TextPipeline.swift in Sources */,
				EA5903A51D85D4A1007E0B12 /* CompositionPipeline.swift in Sources */,
				EA5903C31D85D4BC007E0B12 /* Pipeline.swift in Sources */,
				EA5903801D85D448007E0B12 /* Quad.swift in Sources */,
				EA5903751D85D432007E0B12 /* Easing.swift in Sources */,
				EA5903881D85D456007E0B12 /* CameraNode.swift in Sources */,
				EA5903731D85D432007E0B12 /* Action.swift in Sources */,
				EA5903D21D85D4EC007E0B12 /* Size.swift in Sources */,
				EA5903DE1D85D503007E0B12 /* CompositionShaders.metal in Sources */,
				EA5903AF1D85D4A1007E0B12 /* SpritePipeline.swift in Sources */,
				EA59036F1D85D425007E0B12 /* Updateable.swift in Sources */,
				EA5903FC1D85D54A007E0B12 /* Fonts.swift in Sources */,
				EA59039A1D85D47B007E0B12 /* GameViewController.swift in Sources */,
				EA5903F21D85D51A007E0B12 /* Mat3.swift in Sources */,
				EA5903691D85D425007E0B12 /* Renderable.swift in Sources */,
				EA5903E21D85D503007E0B12 /* NormalShader.metal in Sources */,
				EA59038A1D85D456007E0B12 /* Node.swift in Sources */,
				EA5903921D85D47B007E0B12 /* GraphCache.swift in Sources */,
				EA5903C71D85D4D2007E0B12 /* ArrayExtension.swift in Sources */,
				EA5903591D85D40D007E0B12 /* LightNode.swift in Sources */,
				EA5903AB1D85D4A1007E0B12 /* RenderPassQueue.swift in Sources */,
				EA5903AD1D85D4A1007E0B12 /* ShapePipeline.swift in Sources */,
				EA5903A91D85D4A1007E0B12 /* Renderer.swift in Sources */,
				EAE2492A1D85DBBB008DDA4C /* Vec3.swift in Sources */,
				EA5903961D85D47B007E0B12 /* Updater.swift in Sources */,
				EA5903611D85D40D007E0B12 /* Texture.swift in Sources */,
				EAE249361D85DF04008DDA4C /* Mat.swift in Sources */,
				EA5903FA1D85D54A007E0B12 /* FontAtlas.swift in Sources */,
				EA59036B1D85D425007E0B12 /* NodeGeometry.swift in Sources */,
				EA5903981D85D47B007E0B12 /* GameView.swift in Sources */,
				EA5903CF1D85D4E5007E0B12 /* Color.swift in Sources */,
				EAE249331D85DED0008DDA4C /* Vec2.swift in Sources */,
				EA5903B51D85D4AE007E0B12 /* ComputeRenderer.swift in Sources */,
				EA5903E41D85D503007E0B12 /* ShapeShaders.metal in Sources */,
				EA5903A71D85D4A1007E0B12 /* LightPipeline.swift in Sources */,
				EA5903C91D85D4D2007E0B12 /* CGExtensions.swift in Sources */,
				EA5903F61D85D51A007E0B12 /* Math.swift in Sources */,
				EA5903C11D85D4BC007E0B12 /* Device.swift in Sources */,
				EA5903CC1D85D4DA007E0B12 /* Rect.swift in Sources */,
				EA5903E91D85D503007E0B12 /* TextShaders.metal in Sources */,
				EA5903B71D85D4AE007E0B12 /* LightTexturePipeline.swift in Sources */,
				EA5903821D85D448007E0B12 /* TextureFrame.swift in Sources */,
				EA59035B1D85D40D007E0B12 /* ShapeNode.swift in Sources */,
				EA5903941D85D47B007E0B12 /* Projection.swift in Sources */,
				EA59036D1D85D425007E0B12 /* Tree.swift in Sources */,
				EA5903BD1D85D4BC007E0B12 /* Buffer.swift in Sources */,
				EA5903E01D85D503007E0B12 /* LightShaders.metal in Sources */,
				EA5903631D85D40D007E0B12 /* TextureAtlas.swift in Sources */,
				EA59039C1D85D47B007E0B12 /* Scene.swift in Sources */,
				EA59035F1D85D40D007E0B12 /* TextNode.swift in Sources */,
				EA59035D1D85D40D007E0B12 /* SpriteNode.swift in Sources */,
				EA5903D51D85D4F4007E0B12 /* Point.swift in Sources */,
				EA5903E61D85D503007E0B12 /* SpriteShaders.metal in Sources */,
				EA5903F41D85D51A007E0B12 /* Mat4.swift in Sources */,
			);
			runOnlyForDeploymentPostprocessing = 0;
		};
/* End PBXSourcesBuildPhase section */

/* Begin XCBuildConfiguration section */
		EA0363E11C31C85F00D283E3 /* Debug */ = {
			isa = XCBuildConfiguration;
			buildSettings = {
				ALWAYS_SEARCH_USER_PATHS = NO;
				CLANG_CXX_LANGUAGE_STANDARD = "gnu++0x";
				CLANG_CXX_LIBRARY = "libc++";
				CLANG_ENABLE_MODULES = YES;
				CLANG_ENABLE_OBJC_ARC = YES;
				CLANG_WARN_BOOL_CONVERSION = YES;
				CLANG_WARN_CONSTANT_CONVERSION = YES;
				CLANG_WARN_DIRECT_OBJC_ISA_USAGE = YES_ERROR;
				CLANG_WARN_EMPTY_BODY = YES;
				CLANG_WARN_ENUM_CONVERSION = YES;
				CLANG_WARN_INFINITE_RECURSION = YES;
				CLANG_WARN_INT_CONVERSION = YES;
				CLANG_WARN_OBJC_ROOT_CLASS = YES_ERROR;
				CLANG_WARN_SUSPICIOUS_MOVE = YES;
				CLANG_WARN_UNREACHABLE_CODE = YES;
				CLANG_WARN__DUPLICATE_METHOD_MATCH = YES;
				"CODE_SIGN_IDENTITY[sdk=iphoneos*]" = "iPhone Developer";
				COPY_PHASE_STRIP = NO;
				DEBUG_INFORMATION_FORMAT = "dwarf-with-dsym";
				ENABLE_STRICT_OBJC_MSGSEND = YES;
				ENABLE_TESTABILITY = YES;
				GCC_C_LANGUAGE_STANDARD = gnu99;
				GCC_DYNAMIC_NO_PIC = NO;
				GCC_NO_COMMON_BLOCKS = YES;
				GCC_OPTIMIZATION_LEVEL = 0;
				GCC_PREPROCESSOR_DEFINITIONS = (
					"DEBUG=1",
					"$(inherited)",
				);
				GCC_WARN_64_TO_32_BIT_CONVERSION = YES;
				GCC_WARN_ABOUT_RETURN_TYPE = YES_ERROR;
				GCC_WARN_UNDECLARED_SELECTOR = YES;
				GCC_WARN_UNINITIALIZED_AUTOS = YES_AGGRESSIVE;
				GCC_WARN_UNUSED_FUNCTION = YES;
				GCC_WARN_UNUSED_VARIABLE = YES;
				IPHONEOS_DEPLOYMENT_TARGET = 9.2;
				MTL_ENABLE_DEBUG_INFO = YES;
				ONLY_ACTIVE_ARCH = YES;
				SDKROOT = iphoneos;
				SWIFT_OPTIMIZATION_LEVEL = "-Onone";
				TARGETED_DEVICE_FAMILY = "1,2";
			};
			name = Debug;
		};
		EA0363E21C31C85F00D283E3 /* Release */ = {
			isa = XCBuildConfiguration;
			buildSettings = {
				ALWAYS_SEARCH_USER_PATHS = NO;
				CLANG_CXX_LANGUAGE_STANDARD = "gnu++0x";
				CLANG_CXX_LIBRARY = "libc++";
				CLANG_ENABLE_MODULES = YES;
				CLANG_ENABLE_OBJC_ARC = YES;
				CLANG_WARN_BOOL_CONVERSION = YES;
				CLANG_WARN_CONSTANT_CONVERSION = YES;
				CLANG_WARN_DIRECT_OBJC_ISA_USAGE = YES_ERROR;
				CLANG_WARN_EMPTY_BODY = YES;
				CLANG_WARN_ENUM_CONVERSION = YES;
				CLANG_WARN_INFINITE_RECURSION = YES;
				CLANG_WARN_INT_CONVERSION = YES;
				CLANG_WARN_OBJC_ROOT_CLASS = YES_ERROR;
				CLANG_WARN_SUSPICIOUS_MOVE = YES;
				CLANG_WARN_UNREACHABLE_CODE = YES;
				CLANG_WARN__DUPLICATE_METHOD_MATCH = YES;
				"CODE_SIGN_IDENTITY[sdk=iphoneos*]" = "iPhone Developer";
				COPY_PHASE_STRIP = NO;
				DEBUG_INFORMATION_FORMAT = "dwarf-with-dsym";
				ENABLE_NS_ASSERTIONS = NO;
				ENABLE_STRICT_OBJC_MSGSEND = YES;
				GCC_C_LANGUAGE_STANDARD = gnu99;
				GCC_NO_COMMON_BLOCKS = YES;
				GCC_WARN_64_TO_32_BIT_CONVERSION = YES;
				GCC_WARN_ABOUT_RETURN_TYPE = YES_ERROR;
				GCC_WARN_UNDECLARED_SELECTOR = YES;
				GCC_WARN_UNINITIALIZED_AUTOS = YES_AGGRESSIVE;
				GCC_WARN_UNUSED_FUNCTION = YES;
				GCC_WARN_UNUSED_VARIABLE = YES;
				IPHONEOS_DEPLOYMENT_TARGET = 9.2;
				MTL_ENABLE_DEBUG_INFO = NO;
				SDKROOT = iphoneos;
				SWIFT_OPTIMIZATION_LEVEL = "-Owholemodule";
				TARGETED_DEVICE_FAMILY = "1,2";
				VALIDATE_PRODUCT = YES;
			};
			name = Release;
		};
		EA0363E71C31C85F00D283E3 /* Debug */ = {
			isa = XCBuildConfiguration;
			buildSettings = {
				BUNDLE_LOADER = "$(TEST_HOST)";
				DEBUG_INFORMATION_FORMAT = dwarf;
				INFOPLIST_FILE = MKTestTests/Info.plist;
				LD_RUNPATH_SEARCH_PATHS = "$(inherited) @executable_path/Frameworks @loader_path/Frameworks";
				PRODUCT_BUNDLE_IDENTIFIER = asda.MKTestTests;
				PRODUCT_NAME = GameEngine;
				SWIFT_VERSION = 3.0;
				TEST_HOST = "$(BUILT_PRODUCTS_DIR)/GameEngine.app/GameEngine";
			};
			name = Debug;
		};
		EA0363E81C31C85F00D283E3 /* Release */ = {
			isa = XCBuildConfiguration;
			buildSettings = {
				BUNDLE_LOADER = "$(TEST_HOST)";
				INFOPLIST_FILE = MKTestTests/Info.plist;
				LD_RUNPATH_SEARCH_PATHS = "$(inherited) @executable_path/Frameworks @loader_path/Frameworks";
				PRODUCT_BUNDLE_IDENTIFIER = asda.MKTestTests;
				PRODUCT_NAME = GameEngine;
				SWIFT_VERSION = 3.0;
				TEST_HOST = "$(BUILT_PRODUCTS_DIR)/GameEngine.app/GameEngine";
			};
			name = Release;
		};
		EAA99D7E1C41E10A00CF3246 /* Debug */ = {
			isa = XCBuildConfiguration;
			buildSettings = {
				"CODE_SIGN_IDENTITY[sdk=iphoneos*]" = "";
				CURRENT_PROJECT_VERSION = 1;
				DEBUG_INFORMATION_FORMAT = dwarf;
				DEFINES_MODULE = YES;
				DYLIB_COMPATIBILITY_VERSION = 1;
				DYLIB_CURRENT_VERSION = 1;
				DYLIB_INSTALL_NAME_BASE = "@rpath";
				FRAMEWORK_SEARCH_PATHS = "$(SRCROOT)";
				INFOPLIST_FILE = "$(SRCROOT)/resources/GEFramework/Info.plist";
				INSTALL_PATH = "$(LOCAL_LIBRARY_DIR)/Frameworks";
				IPHONEOS_DEPLOYMENT_TARGET = 9.0;
				LD_RUNPATH_SEARCH_PATHS = "$(inherited) @executable_path/Frameworks @loader_path/Frameworks";
				PRODUCT_BUNDLE_IDENTIFIER = solarjetmen.GameEngine;
				PRODUCT_NAME = "$(TARGET_NAME)";
				SKIP_INSTALL = YES;
				SWIFT_VERSION = 3.0;
				VERSIONING_SYSTEM = "apple-generic";
				VERSION_INFO_PREFIX = "";
			};
			name = Debug;
		};
		EAA99D7F1C41E10A00CF3246 /* Release */ = {
			isa = XCBuildConfiguration;
			buildSettings = {
				"CODE_SIGN_IDENTITY[sdk=iphoneos*]" = "";
				CURRENT_PROJECT_VERSION = 1;
				DEFINES_MODULE = YES;
				DYLIB_COMPATIBILITY_VERSION = 1;
				DYLIB_CURRENT_VERSION = 1;
				DYLIB_INSTALL_NAME_BASE = "@rpath";
				FRAMEWORK_SEARCH_PATHS = "$(SRCROOT)";
				INFOPLIST_FILE = "$(SRCROOT)/resources/GEFramework/Info.plist";
				INSTALL_PATH = "$(LOCAL_LIBRARY_DIR)/Frameworks";
				IPHONEOS_DEPLOYMENT_TARGET = 9.0;
				LD_RUNPATH_SEARCH_PATHS = "$(inherited) @executable_path/Frameworks @loader_path/Frameworks";
				PRODUCT_BUNDLE_IDENTIFIER = solarjetmen.GameEngine;
				PRODUCT_NAME = "$(TARGET_NAME)";
				SKIP_INSTALL = YES;
				SWIFT_VERSION = 3.0;
				VERSIONING_SYSTEM = "apple-generic";
				VERSION_INFO_PREFIX = "";
			};
			name = Release;
		};
/* End XCBuildConfiguration section */

/* Begin XCConfigurationList section */
		EA0363B41C31C85E00D283E3 /* Build configuration list for PBXProject "GameEngine" */ = {
			isa = XCConfigurationList;
			buildConfigurations = (
				EA0363E11C31C85F00D283E3 /* Debug */,
				EA0363E21C31C85F00D283E3 /* Release */,
			);
			defaultConfigurationIsVisible = 0;
			defaultConfigurationName = Release;
		};
		EA0363E61C31C85F00D283E3 /* Build configuration list for PBXNativeTarget "GameEngineTests" */ = {
			isa = XCConfigurationList;
			buildConfigurations = (
				EA0363E71C31C85F00D283E3 /* Debug */,
				EA0363E81C31C85F00D283E3 /* Release */,
			);
			defaultConfigurationIsVisible = 0;
			defaultConfigurationName = Release;
		};
		EAA99D7D1C41E10A00CF3246 /* Build configuration list for PBXNativeTarget "GameEngine" */ = {
			isa = XCConfigurationList;
			buildConfigurations = (
				EAA99D7E1C41E10A00CF3246 /* Debug */,
				EAA99D7F1C41E10A00CF3246 /* Release */,
			);
			defaultConfigurationIsVisible = 0;
			defaultConfigurationName = Release;
		};
/* End XCConfigurationList section */
	};
	rootObject = EA0363B11C31C85E00D283E3 /* Project object */;
}
