// !$*UTF8*$!
{
	archiveVersion = 1;
	classes = {
	};
	objectVersion = 46;
	objects = {

/* Begin PBXBuildFile section */
		EA0363D41C31C85F00D283E3 /* MKTestTests.swift in Sources */ = {isa = PBXBuildFile; fileRef = EA0363D31C31C85F00D283E3 /* MKTestTests.swift */; };
		EA0964C91CBAF05100C03BA9 /* Uniforms.swift in Sources */ = {isa = PBXBuildFile; fileRef = EA0964C81CBAF05100C03BA9 /* Uniforms.swift */; };
		EA0964CA1CBAF05100C03BA9 /* Uniforms.swift in Sources */ = {isa = PBXBuildFile; fileRef = EA0964C81CBAF05100C03BA9 /* Uniforms.swift */; };
		EA1993E21CD56239009DC869 /* Easing.swift in Sources */ = {isa = PBXBuildFile; fileRef = EA1993E11CD56239009DC869 /* Easing.swift */; };
		EA1993E31CD56239009DC869 /* Easing.swift in Sources */ = {isa = PBXBuildFile; fileRef = EA1993E11CD56239009DC869 /* Easing.swift */; };
		EA1994271CD57B4F009DC869 /* Color.swift in Sources */ = {isa = PBXBuildFile; fileRef = EA1994261CD57B4F009DC869 /* Color.swift */; };
		EA1994281CD57B4F009DC869 /* Color.swift in Sources */ = {isa = PBXBuildFile; fileRef = EA1994261CD57B4F009DC869 /* Color.swift */; };
		EA1ACBED1C9E53A800878EE6 /* Texture.swift in Sources */ = {isa = PBXBuildFile; fileRef = EA1ACBEC1C9E53A800878EE6 /* Texture.swift */; };
		EA1ACBEE1C9E53A800878EE6 /* Texture.swift in Sources */ = {isa = PBXBuildFile; fileRef = EA1ACBEC1C9E53A800878EE6 /* Texture.swift */; };
		EA1ACBF31C9E5D7000878EE6 /* error.png in Resources */ = {isa = PBXBuildFile; fileRef = EA1ACBF21C9E5D7000878EE6 /* error.png */; };
		EA1ACBF41C9E5D7000878EE6 /* error.png in Resources */ = {isa = PBXBuildFile; fileRef = EA1ACBF21C9E5D7000878EE6 /* error.png */; };
		EA256A0F1CA88057008F720B /* TextureFrame.swift in Sources */ = {isa = PBXBuildFile; fileRef = EA256A0E1CA88057008F720B /* TextureFrame.swift */; };
		EA256A101CA88057008F720B /* TextureFrame.swift in Sources */ = {isa = PBXBuildFile; fileRef = EA256A0E1CA88057008F720B /* TextureFrame.swift */; };
		EA256A121CA88082008F720B /* TextureAtlas.swift in Sources */ = {isa = PBXBuildFile; fileRef = EA256A111CA88082008F720B /* TextureAtlas.swift */; };
		EA256A131CA88082008F720B /* TextureAtlas.swift in Sources */ = {isa = PBXBuildFile; fileRef = EA256A111CA88082008F720B /* TextureAtlas.swift */; };
		EA3236281C8B85A500DA7FCF /* Tree.swift in Sources */ = {isa = PBXBuildFile; fileRef = EA3236271C8B85A500DA7FCF /* Tree.swift */; };
		EA3236291C8B85A500DA7FCF /* Tree.swift in Sources */ = {isa = PBXBuildFile; fileRef = EA3236271C8B85A500DA7FCF /* Tree.swift */; };
		EA3F2D2C1CE79A7200095512 /* ArrayExtension.swift in Sources */ = {isa = PBXBuildFile; fileRef = EA3F2D2B1CE79A7200095512 /* ArrayExtension.swift */; };
		EA3F2D2D1CE79A7200095512 /* ArrayExtension.swift in Sources */ = {isa = PBXBuildFile; fileRef = EA3F2D2B1CE79A7200095512 /* ArrayExtension.swift */; };
		EA6629AF1D299DF30076B9C4 /* LightUniforms.swift in Sources */ = {isa = PBXBuildFile; fileRef = EA6629AE1D299DF30076B9C4 /* LightUniforms.swift */; };
		EA6629B01D299DF30076B9C4 /* LightUniforms.swift in Sources */ = {isa = PBXBuildFile; fileRef = EA6629AE1D299DF30076B9C4 /* LightUniforms.swift */; };
		EA6629B21D29B6490076B9C4 /* LightNode.swift in Sources */ = {isa = PBXBuildFile; fileRef = EA6629B11D29B6490076B9C4 /* LightNode.swift */; };
		EA6629B31D29B6490076B9C4 /* LightNode.swift in Sources */ = {isa = PBXBuildFile; fileRef = EA6629B11D29B6490076B9C4 /* LightNode.swift */; };
		EA6B12691CF13DB1004E4FCB /* ShapePipeline.swift in Sources */ = {isa = PBXBuildFile; fileRef = EA6B12681CF13DB1004E4FCB /* ShapePipeline.swift */; };
		EA6B126A1CF13DB1004E4FCB /* ShapePipeline.swift in Sources */ = {isa = PBXBuildFile; fileRef = EA6B12681CF13DB1004E4FCB /* ShapePipeline.swift */; };
		EA6B126C1CF13DDA004E4FCB /* TextPipeline.swift in Sources */ = {isa = PBXBuildFile; fileRef = EA6B126B1CF13DDA004E4FCB /* TextPipeline.swift */; };
		EA6B126D1CF13DDA004E4FCB /* TextPipeline.swift in Sources */ = {isa = PBXBuildFile; fileRef = EA6B126B1CF13DDA004E4FCB /* TextPipeline.swift */; };
		EA6C2A121CF22F8600F99E1D /* Buffer.swift in Sources */ = {isa = PBXBuildFile; fileRef = EA6C2A111CF22F8600F99E1D /* Buffer.swift */; };
		EA6C2A131CF22F8600F99E1D /* Buffer.swift in Sources */ = {isa = PBXBuildFile; fileRef = EA6C2A111CF22F8600F99E1D /* Buffer.swift */; };
		EA6C2A151CF2378900F99E1D /* Projection.swift in Sources */ = {isa = PBXBuildFile; fileRef = EA6C2A141CF2378900F99E1D /* Projection.swift */; };
		EA6C2A161CF2378900F99E1D /* Projection.swift in Sources */ = {isa = PBXBuildFile; fileRef = EA6C2A141CF2378900F99E1D /* Projection.swift */; };
		EA72451C1C8CFF6E0059B068 /* Device.swift in Sources */ = {isa = PBXBuildFile; fileRef = EA72451B1C8CFF6E0059B068 /* Device.swift */; };
		EA72451D1C8CFF6E0059B068 /* Device.swift in Sources */ = {isa = PBXBuildFile; fileRef = EA72451B1C8CFF6E0059B068 /* Device.swift */; };
		EA8C82C61CDE61BE00D1E59F /* Updater.swift in Sources */ = {isa = PBXBuildFile; fileRef = EA8C82C51CDE61BE00D1E59F /* Updater.swift */; };
		EA8C82C71CDE61BE00D1E59F /* Updater.swift in Sources */ = {isa = PBXBuildFile; fileRef = EA8C82C51CDE61BE00D1E59F /* Updater.swift */; };
		EA9B1E7B1C724C3D000FFDF7 /* TextShaders.metal in Sources */ = {isa = PBXBuildFile; fileRef = EA9B1E7A1C724C3D000FFDF7 /* TextShaders.metal */; };
		EA9B1E7C1C724C3D000FFDF7 /* TextShaders.metal in Sources */ = {isa = PBXBuildFile; fileRef = EA9B1E7A1C724C3D000FFDF7 /* TextShaders.metal */; };
		EA9B1E7E1C725EDE000FFDF7 /* Fonts.swift in Sources */ = {isa = PBXBuildFile; fileRef = EA9B1E7D1C725EDE000FFDF7 /* Fonts.swift */; };
		EA9B1E7F1C725EDE000FFDF7 /* Fonts.swift in Sources */ = {isa = PBXBuildFile; fileRef = EA9B1E7D1C725EDE000FFDF7 /* Fonts.swift */; };
		EA9B1E811C727625000FFDF7 /* TextNode.swift in Sources */ = {isa = PBXBuildFile; fileRef = EA9B1E801C727625000FFDF7 /* TextNode.swift */; };
		EA9B1E821C727625000FFDF7 /* TextNode.swift in Sources */ = {isa = PBXBuildFile; fileRef = EA9B1E801C727625000FFDF7 /* TextNode.swift */; };
		EAA99D9B1C41E3D400CF3246 /* AppDelegate.swift in Sources */ = {isa = PBXBuildFile; fileRef = EAA99D9A1C41E3D400CF3246 /* AppDelegate.swift */; };
		EAA99DBD1C41E47D00CF3246 /* CGExtensions.swift in Sources */ = {isa = PBXBuildFile; fileRef = EAA99DB81C41E47D00CF3246 /* CGExtensions.swift */; };
		EAA99DBE1C41E47D00CF3246 /* CGExtensions.swift in Sources */ = {isa = PBXBuildFile; fileRef = EAA99DB81C41E47D00CF3246 /* CGExtensions.swift */; };
		EAA99DC71C41E4B900CF3246 /* Globals.swift in Sources */ = {isa = PBXBuildFile; fileRef = EAA99DC61C41E4B900CF3246 /* Globals.swift */; };
		EAA99DC81C41E4B900CF3246 /* Globals.swift in Sources */ = {isa = PBXBuildFile; fileRef = EAA99DC61C41E4B900CF3246 /* Globals.swift */; };
		EAA99DCC1C41E4F100CF3246 /* Pipeline.swift in Sources */ = {isa = PBXBuildFile; fileRef = EAA99DC91C41E4F100CF3246 /* Pipeline.swift */; };
		EAA99DCD1C41E4F100CF3246 /* Pipeline.swift in Sources */ = {isa = PBXBuildFile; fileRef = EAA99DC91C41E4F100CF3246 /* Pipeline.swift */; };
		EAA99DCE1C41E4F100CF3246 /* Renderer.swift in Sources */ = {isa = PBXBuildFile; fileRef = EAA99DCA1C41E4F100CF3246 /* Renderer.swift */; };
		EAA99DCF1C41E4F100CF3246 /* Renderer.swift in Sources */ = {isa = PBXBuildFile; fileRef = EAA99DCA1C41E4F100CF3246 /* Renderer.swift */; };
		EAA99DD01C41E4F100CF3246 /* RenderPassQueue.swift in Sources */ = {isa = PBXBuildFile; fileRef = EAA99DCB1C41E4F100CF3246 /* RenderPassQueue.swift */; };
		EAA99DD11C41E4F100CF3246 /* RenderPassQueue.swift in Sources */ = {isa = PBXBuildFile; fileRef = EAA99DCB1C41E4F100CF3246 /* RenderPassQueue.swift */; };
		EAA99DDC1C41E51C00CF3246 /* Action.swift in Sources */ = {isa = PBXBuildFile; fileRef = EAA99DDB1C41E51C00CF3246 /* Action.swift */; };
		EAA99DDD1C41E51C00CF3246 /* Action.swift in Sources */ = {isa = PBXBuildFile; fileRef = EAA99DDB1C41E51C00CF3246 /* Action.swift */; };
		EAA99DE11C41E52700CF3246 /* ShapeNode.swift in Sources */ = {isa = PBXBuildFile; fileRef = EAA99DDE1C41E52700CF3246 /* ShapeNode.swift */; };
		EAA99DE21C41E52700CF3246 /* ShapeNode.swift in Sources */ = {isa = PBXBuildFile; fileRef = EAA99DDE1C41E52700CF3246 /* ShapeNode.swift */; };
		EAA99DE31C41E52700CF3246 /* Node.swift in Sources */ = {isa = PBXBuildFile; fileRef = EAA99DDF1C41E52700CF3246 /* Node.swift */; };
		EAA99DE41C41E52700CF3246 /* Node.swift in Sources */ = {isa = PBXBuildFile; fileRef = EAA99DDF1C41E52700CF3246 /* Node.swift */; };
		EAA99DE51C41E52700CF3246 /* SpriteNode.swift in Sources */ = {isa = PBXBuildFile; fileRef = EAA99DE01C41E52700CF3246 /* SpriteNode.swift */; };
		EAA99DE61C41E52700CF3246 /* SpriteNode.swift in Sources */ = {isa = PBXBuildFile; fileRef = EAA99DE01C41E52700CF3246 /* SpriteNode.swift */; };
		EAA99DF01C41E57300CF3246 /* GameViewController.swift in Sources */ = {isa = PBXBuildFile; fileRef = EAA99DEE1C41E57300CF3246 /* GameViewController.swift */; };
		EAA99DF21C41E57C00CF3246 /* CameraNode.swift in Sources */ = {isa = PBXBuildFile; fileRef = EAA99DF11C41E57C00CF3246 /* CameraNode.swift */; };
		EAA99DF31C41E57C00CF3246 /* CameraNode.swift in Sources */ = {isa = PBXBuildFile; fileRef = EAA99DF11C41E57C00CF3246 /* CameraNode.swift */; };
		EAA99E311C41E6D600CF3246 /* LaunchScreen.storyboard in Resources */ = {isa = PBXBuildFile; fileRef = EAA99E2D1C41E6A500CF3246 /* LaunchScreen.storyboard */; };
		EAA99E331C41E6E500CF3246 /* Assets.xcassets in Resources */ = {isa = PBXBuildFile; fileRef = EAA99E241C41E65700CF3246 /* Assets.xcassets */; };
		EAA99E391C41E80E00CF3246 /* ShapeShaders.metal in Sources */ = {isa = PBXBuildFile; fileRef = EAA99E371C41E80E00CF3246 /* ShapeShaders.metal */; };
		EAA99E3A1C41E80E00CF3246 /* ShapeShaders.metal in Sources */ = {isa = PBXBuildFile; fileRef = EAA99E371C41E80E00CF3246 /* ShapeShaders.metal */; };
		EAA99E3B1C41E80E00CF3246 /* SpriteShaders.metal in Sources */ = {isa = PBXBuildFile; fileRef = EAA99E381C41E80E00CF3246 /* SpriteShaders.metal */; };
		EAA99E3C1C41E80E00CF3246 /* SpriteShaders.metal in Sources */ = {isa = PBXBuildFile; fileRef = EAA99E381C41E80E00CF3246 /* SpriteShaders.metal */; };
		EABDF7471CFB8C0E00F555BF /* BufferManager.swift in Sources */ = {isa = PBXBuildFile; fileRef = EABDF7461CFB8C0E00F555BF /* BufferManager.swift */; };
		EABDF7481CFB8C0E00F555BF /* BufferManager.swift in Sources */ = {isa = PBXBuildFile; fileRef = EABDF7461CFB8C0E00F555BF /* BufferManager.swift */; };
		EABDF74A1CFCB2DA00F555BF /* LightTexturePipeline.swift in Sources */ = {isa = PBXBuildFile; fileRef = EABDF7491CFCB2DA00F555BF /* LightTexturePipeline.swift */; };
		EABDF74B1CFCB2DA00F555BF /* LightTexturePipeline.swift in Sources */ = {isa = PBXBuildFile; fileRef = EABDF7491CFCB2DA00F555BF /* LightTexturePipeline.swift */; };
		EABDF74D1CFCB96400F555BF /* ComputeRenderer.swift in Sources */ = {isa = PBXBuildFile; fileRef = EABDF74C1CFCB96400F555BF /* ComputeRenderer.swift */; };
		EABDF74E1CFCB96400F555BF /* ComputeRenderer.swift in Sources */ = {isa = PBXBuildFile; fileRef = EABDF74C1CFCB96400F555BF /* ComputeRenderer.swift */; };
		EABDF7521CFCBEAB00F555BF /* NormalShader.metal in Sources */ = {isa = PBXBuildFile; fileRef = EABDF7511CFCBEAB00F555BF /* NormalShader.metal */; };
		EABDF7531CFCBEAB00F555BF /* NormalShader.metal in Sources */ = {isa = PBXBuildFile; fileRef = EABDF7511CFCBEAB00F555BF /* NormalShader.metal */; };
		EAD522611CF0F1A100A9A6D3 /* GraphCache.swift in Sources */ = {isa = PBXBuildFile; fileRef = EAD522601CF0F1A100A9A6D3 /* GraphCache.swift */; };
		EAD522621CF0F1A100A9A6D3 /* GraphCache.swift in Sources */ = {isa = PBXBuildFile; fileRef = EAD522601CF0F1A100A9A6D3 /* GraphCache.swift */; };
		EAD522671CF128D400A9A6D3 /* SpritePipeline.swift in Sources */ = {isa = PBXBuildFile; fileRef = EAD522661CF128D400A9A6D3 /* SpritePipeline.swift */; };
		EAD522681CF128D400A9A6D3 /* SpritePipeline.swift in Sources */ = {isa = PBXBuildFile; fileRef = EAD522661CF128D400A9A6D3 /* SpritePipeline.swift */; };
		EAE6ED451CCBC1330046A5BE /* Mat2.swift in Sources */ = {isa = PBXBuildFile; fileRef = EAE6ED411CCBC1330046A5BE /* Mat2.swift */; };
		EAE6ED461CCBC1330046A5BE /* Mat2.swift in Sources */ = {isa = PBXBuildFile; fileRef = EAE6ED411CCBC1330046A5BE /* Mat2.swift */; };
		EAE6ED471CCBC1330046A5BE /* Mat3.swift in Sources */ = {isa = PBXBuildFile; fileRef = EAE6ED421CCBC1330046A5BE /* Mat3.swift */; };
		EAE6ED481CCBC1330046A5BE /* Mat3.swift in Sources */ = {isa = PBXBuildFile; fileRef = EAE6ED421CCBC1330046A5BE /* Mat3.swift */; };
		EAE6ED491CCBC1330046A5BE /* Mat4.swift in Sources */ = {isa = PBXBuildFile; fileRef = EAE6ED431CCBC1330046A5BE /* Mat4.swift */; };
		EAE6ED4A1CCBC1330046A5BE /* Mat4.swift in Sources */ = {isa = PBXBuildFile; fileRef = EAE6ED431CCBC1330046A5BE /* Mat4.swift */; };
		EAE6ED4B1CCBC1330046A5BE /* Math.swift in Sources */ = {isa = PBXBuildFile; fileRef = EAE6ED441CCBC1330046A5BE /* Math.swift */; };
		EAE6ED4C1CCBC1330046A5BE /* Math.swift in Sources */ = {isa = PBXBuildFile; fileRef = EAE6ED441CCBC1330046A5BE /* Math.swift */; };
		EAE6ED4E1CCBF02E0046A5BE /* Renderable.swift in Sources */ = {isa = PBXBuildFile; fileRef = EAE6ED4D1CCBF02E0046A5BE /* Renderable.swift */; };
		EAE6ED4F1CCBF02E0046A5BE /* Renderable.swift in Sources */ = {isa = PBXBuildFile; fileRef = EAE6ED4D1CCBF02E0046A5BE /* Renderable.swift */; };
		EAE75E371C42D091001EB176 /* Scene.swift in Sources */ = {isa = PBXBuildFile; fileRef = EAE75E361C42D091001EB176 /* Scene.swift */; };
		EAE75E381C42D091001EB176 /* Scene.swift in Sources */ = {isa = PBXBuildFile; fileRef = EAE75E361C42D091001EB176 /* Scene.swift */; };
		EAE75E7F1C42FE62001EB176 /* GameView.swift in Sources */ = {isa = PBXBuildFile; fileRef = EAE75E7E1C42FE62001EB176 /* GameView.swift */; };
		EAE75E801C42FE68001EB176 /* GameView.swift in Sources */ = {isa = PBXBuildFile; fileRef = EAE75E7E1C42FE62001EB176 /* GameView.swift */; };
		EAEAAC671C66995000BFB938 /* FontAtlas.swift in Sources */ = {isa = PBXBuildFile; fileRef = EAEAAC661C66995000BFB938 /* FontAtlas.swift */; };
		EAEAAC681C66995000BFB938 /* FontAtlas.swift in Sources */ = {isa = PBXBuildFile; fileRef = EAEAAC661C66995000BFB938 /* FontAtlas.swift */; };
		EAEE8E951CCD37E900CF8344 /* TestGameViewController.swift in Sources */ = {isa = PBXBuildFile; fileRef = EAEE8E941CCD37E900CF8344 /* TestGameViewController.swift */; };
		EAEF9CCA1CD6811A0059832D /* Size.swift in Sources */ = {isa = PBXBuildFile; fileRef = EAEF9CC91CD6811A0059832D /* Size.swift */; };
		EAEF9CCB1CD6811A0059832D /* Size.swift in Sources */ = {isa = PBXBuildFile; fileRef = EAEF9CC91CD6811A0059832D /* Size.swift */; };
		EAEF9CCD1CD684D20059832D /* Point.swift in Sources */ = {isa = PBXBuildFile; fileRef = EAEF9CCC1CD684D20059832D /* Point.swift */; };
		EAEF9CCE1CD684D20059832D /* Point.swift in Sources */ = {isa = PBXBuildFile; fileRef = EAEF9CCC1CD684D20059832D /* Point.swift */; };
		EAEF9CD01CD6886C0059832D /* Rect.swift in Sources */ = {isa = PBXBuildFile; fileRef = EAEF9CCF1CD6886C0059832D /* Rect.swift */; };
		EAEF9CD11CD6886C0059832D /* Rect.swift in Sources */ = {isa = PBXBuildFile; fileRef = EAEF9CCF1CD6886C0059832D /* Rect.swift */; };
		EAF7BB011C8CC85700258C37 /* Quad.swift in Sources */ = {isa = PBXBuildFile; fileRef = EAF7BB001C8CC85700258C37 /* Quad.swift */; };
		EAF7BB021C8CC85700258C37 /* Quad.swift in Sources */ = {isa = PBXBuildFile; fileRef = EAF7BB001C8CC85700258C37 /* Quad.swift */; };
		EAFD76971C836BF100ABDC50 /* NodeGeometry.swift in Sources */ = {isa = PBXBuildFile; fileRef = EAFD76961C836BF100ABDC50 /* NodeGeometry.swift */; };
		EAFD76981C836BF100ABDC50 /* NodeGeometry.swift in Sources */ = {isa = PBXBuildFile; fileRef = EAFD76961C836BF100ABDC50 /* NodeGeometry.swift */; };
		EAFD769D1C836C0500ABDC50 /* Updateable.swift in Sources */ = {isa = PBXBuildFile; fileRef = EAFD769A1C836C0500ABDC50 /* Updateable.swift */; };
		EAFD769E1C836C0500ABDC50 /* Updateable.swift in Sources */ = {isa = PBXBuildFile; fileRef = EAFD769A1C836C0500ABDC50 /* Updateable.swift */; };
/* End PBXBuildFile section */

/* Begin PBXContainerItemProxy section */
		EA0363D01C31C85F00D283E3 /* PBXContainerItemProxy */ = {
			isa = PBXContainerItemProxy;
			containerPortal = EA0363B11C31C85E00D283E3 /* Project object */;
			proxyType = 1;
			remoteGlobalIDString = EA0363B81C31C85E00D283E3;
			remoteInfo = MKTest;
		};
/* End PBXContainerItemProxy section */

/* Begin PBXFileReference section */
		EA0363B91C31C85E00D283E3 /* GameEngine.app */ = {isa = PBXFileReference; explicitFileType = wrapper.application; includeInIndex = 0; path = GameEngine.app; sourceTree = BUILT_PRODUCTS_DIR; };
		EA0363CF1C31C85F00D283E3 /* GameEngine.xctest */ = {isa = PBXFileReference; explicitFileType = wrapper.cfbundle; includeInIndex = 0; path = GameEngine.xctest; sourceTree = BUILT_PRODUCTS_DIR; };
		EA0363D31C31C85F00D283E3 /* MKTestTests.swift */ = {isa = PBXFileReference; lastKnownFileType = sourcecode.swift; path = MKTestTests.swift; sourceTree = "<group>"; };
		EA0363D51C31C85F00D283E3 /* Info.plist */ = {isa = PBXFileReference; lastKnownFileType = text.plist.xml; path = Info.plist; sourceTree = "<group>"; };
		EA0964C81CBAF05100C03BA9 /* Uniforms.swift */ = {isa = PBXFileReference; fileEncoding = 4; lastKnownFileType = sourcecode.swift; name = Uniforms.swift; path = src/private/Uniforms.swift; sourceTree = SOURCE_ROOT; };
		EA1993E11CD56239009DC869 /* Easing.swift */ = {isa = PBXFileReference; fileEncoding = 4; lastKnownFileType = sourcecode.swift; name = Easing.swift; path = src/public/Easing.swift; sourceTree = SOURCE_ROOT; };
		EA1994261CD57B4F009DC869 /* Color.swift */ = {isa = PBXFileReference; fileEncoding = 4; lastKnownFileType = sourcecode.swift; name = Color.swift; path = src/public/Color.swift; sourceTree = SOURCE_ROOT; };
		EA1ACBEC1C9E53A800878EE6 /* Texture.swift */ = {isa = PBXFileReference; fileEncoding = 4; lastKnownFileType = sourcecode.swift; name = Texture.swift; path = src/public/Texture.swift; sourceTree = SOURCE_ROOT; };
		EA1ACBF21C9E5D7000878EE6 /* error.png */ = {isa = PBXFileReference; lastKnownFileType = image.png; name = error.png; path = resources/error.png; sourceTree = "<group>"; };
		EA256A0E1CA88057008F720B /* TextureFrame.swift */ = {isa = PBXFileReference; fileEncoding = 4; lastKnownFileType = sourcecode.swift; name = TextureFrame.swift; path = src/private/TextureFrame.swift; sourceTree = SOURCE_ROOT; };
		EA256A111CA88082008F720B /* TextureAtlas.swift */ = {isa = PBXFileReference; fileEncoding = 4; lastKnownFileType = sourcecode.swift; name = TextureAtlas.swift; path = src/public/TextureAtlas.swift; sourceTree = SOURCE_ROOT; };
		EA3236271C8B85A500DA7FCF /* Tree.swift */ = {isa = PBXFileReference; fileEncoding = 4; lastKnownFileType = sourcecode.swift; name = Tree.swift; path = src/public/Tree.swift; sourceTree = SOURCE_ROOT; };
		EA3F2D2B1CE79A7200095512 /* ArrayExtension.swift */ = {isa = PBXFileReference; fileEncoding = 4; lastKnownFileType = sourcecode.swift; name = ArrayExtension.swift; path = src/extensions/ArrayExtension.swift; sourceTree = SOURCE_ROOT; };
		EA6629AE1D299DF30076B9C4 /* LightUniforms.swift */ = {isa = PBXFileReference; fileEncoding = 4; lastKnownFileType = sourcecode.swift; name = LightUniforms.swift; path = src/private/LightUniforms.swift; sourceTree = SOURCE_ROOT; };
		EA6629B11D29B6490076B9C4 /* LightNode.swift */ = {isa = PBXFileReference; fileEncoding = 4; lastKnownFileType = sourcecode.swift; name = LightNode.swift; path = src/public/LightNode.swift; sourceTree = SOURCE_ROOT; };
		EA6B12681CF13DB1004E4FCB /* ShapePipeline.swift */ = {isa = PBXFileReference; fileEncoding = 4; lastKnownFileType = sourcecode.swift; name = ShapePipeline.swift; path = src/private/ShapePipeline.swift; sourceTree = SOURCE_ROOT; };
		EA6B126B1CF13DDA004E4FCB /* TextPipeline.swift */ = {isa = PBXFileReference; fileEncoding = 4; lastKnownFileType = sourcecode.swift; name = TextPipeline.swift; path = src/private/TextPipeline.swift; sourceTree = SOURCE_ROOT; };
		EA6C2A111CF22F8600F99E1D /* Buffer.swift */ = {isa = PBXFileReference; fileEncoding = 4; lastKnownFileType = sourcecode.swift; name = Buffer.swift; path = src/private/Buffer.swift; sourceTree = SOURCE_ROOT; };
		EA6C2A141CF2378900F99E1D /* Projection.swift */ = {isa = PBXFileReference; fileEncoding = 4; lastKnownFileType = sourcecode.swift; name = Projection.swift; path = src/private/Projection.swift; sourceTree = SOURCE_ROOT; };
		EA72451B1C8CFF6E0059B068 /* Device.swift */ = {isa = PBXFileReference; fileEncoding = 4; lastKnownFileType = sourcecode.swift; name = Device.swift; path = src/private/Device.swift; sourceTree = SOURCE_ROOT; };
		EA8C82C51CDE61BE00D1E59F /* Updater.swift */ = {isa = PBXFileReference; fileEncoding = 4; lastKnownFileType = sourcecode.swift; name = Updater.swift; path = src/private/Updater.swift; sourceTree = SOURCE_ROOT; };
		EA9B1E7A1C724C3D000FFDF7 /* TextShaders.metal */ = {isa = PBXFileReference; fileEncoding = 4; lastKnownFileType = sourcecode.metal; name = TextShaders.metal; path = src/shaders/TextShaders.metal; sourceTree = SOURCE_ROOT; };
		EA9B1E7D1C725EDE000FFDF7 /* Fonts.swift */ = {isa = PBXFileReference; fileEncoding = 4; lastKnownFileType = sourcecode.swift; name = Fonts.swift; path = src/private/Fonts.swift; sourceTree = SOURCE_ROOT; };
		EA9B1E801C727625000FFDF7 /* TextNode.swift */ = {isa = PBXFileReference; fileEncoding = 4; lastKnownFileType = sourcecode.swift; name = TextNode.swift; path = src/public/TextNode.swift; sourceTree = SOURCE_ROOT; };
		EAA99D781C41E10900CF3246 /* GameEngine.framework */ = {isa = PBXFileReference; explicitFileType = wrapper.framework; includeInIndex = 0; path = GameEngine.framework; sourceTree = BUILT_PRODUCTS_DIR; };
		EAA99D9A1C41E3D400CF3246 /* AppDelegate.swift */ = {isa = PBXFileReference; fileEncoding = 4; lastKnownFileType = sourcecode.swift; name = AppDelegate.swift; path = src/AppDelegate.swift; sourceTree = SOURCE_ROOT; };
		EAA99DB81C41E47D00CF3246 /* CGExtensions.swift */ = {isa = PBXFileReference; fileEncoding = 4; lastKnownFileType = sourcecode.swift; name = CGExtensions.swift; path = src/extensions/CGExtensions.swift; sourceTree = SOURCE_ROOT; };
		EAA99DC61C41E4B900CF3246 /* Globals.swift */ = {isa = PBXFileReference; fileEncoding = 4; lastKnownFileType = sourcecode.swift; name = Globals.swift; path = src/private/Globals.swift; sourceTree = SOURCE_ROOT; };
		EAA99DC91C41E4F100CF3246 /* Pipeline.swift */ = {isa = PBXFileReference; fileEncoding = 4; lastKnownFileType = sourcecode.swift; name = Pipeline.swift; path = src/private/Pipeline.swift; sourceTree = SOURCE_ROOT; };
		EAA99DCA1C41E4F100CF3246 /* Renderer.swift */ = {isa = PBXFileReference; fileEncoding = 4; lastKnownFileType = sourcecode.swift; name = Renderer.swift; path = src/private/Renderer.swift; sourceTree = SOURCE_ROOT; };
		EAA99DCB1C41E4F100CF3246 /* RenderPassQueue.swift */ = {isa = PBXFileReference; fileEncoding = 4; lastKnownFileType = sourcecode.swift; name = RenderPassQueue.swift; path = src/private/RenderPassQueue.swift; sourceTree = SOURCE_ROOT; };
		EAA99DDB1C41E51C00CF3246 /* Action.swift */ = {isa = PBXFileReference; fileEncoding = 4; lastKnownFileType = sourcecode.swift; name = Action.swift; path = src/public/Action.swift; sourceTree = SOURCE_ROOT; };
		EAA99DDE1C41E52700CF3246 /* ShapeNode.swift */ = {isa = PBXFileReference; fileEncoding = 4; lastKnownFileType = sourcecode.swift; name = ShapeNode.swift; path = src/public/ShapeNode.swift; sourceTree = SOURCE_ROOT; };
		EAA99DDF1C41E52700CF3246 /* Node.swift */ = {isa = PBXFileReference; fileEncoding = 4; lastKnownFileType = sourcecode.swift; name = Node.swift; path = src/public/Node.swift; sourceTree = SOURCE_ROOT; };
		EAA99DE01C41E52700CF3246 /* SpriteNode.swift */ = {isa = PBXFileReference; fileEncoding = 4; lastKnownFileType = sourcecode.swift; name = SpriteNode.swift; path = src/public/SpriteNode.swift; sourceTree = SOURCE_ROOT; };
		EAA99DEE1C41E57300CF3246 /* GameViewController.swift */ = {isa = PBXFileReference; fileEncoding = 4; lastKnownFileType = sourcecode.swift; name = GameViewController.swift; path = src/public/GameViewController.swift; sourceTree = SOURCE_ROOT; };
		EAA99DF11C41E57C00CF3246 /* CameraNode.swift */ = {isa = PBXFileReference; fileEncoding = 4; lastKnownFileType = sourcecode.swift; name = CameraNode.swift; path = src/public/CameraNode.swift; sourceTree = SOURCE_ROOT; };
		EAA99E241C41E65700CF3246 /* Assets.xcassets */ = {isa = PBXFileReference; lastKnownFileType = folder.assetcatalog; name = Assets.xcassets; path = resources/Assets.xcassets; sourceTree = "<group>"; };
		EAA99E2C1C41E6A500CF3246 /* Info.plist */ = {isa = PBXFileReference; lastKnownFileType = text.plist.xml; name = Info.plist; path = resources/Test/Info.plist; sourceTree = "<group>"; };
		EAA99E2D1C41E6A500CF3246 /* LaunchScreen.storyboard */ = {isa = PBXFileReference; lastKnownFileType = file.storyboard; name = LaunchScreen.storyboard; path = resources/Test/LaunchScreen.storyboard; sourceTree = "<group>"; };
		EAA99E2F1C41E6BC00CF3246 /* GameEngine.h */ = {isa = PBXFileReference; lastKnownFileType = sourcecode.c.h; name = GameEngine.h; path = resources/GEFramework/GameEngine.h; sourceTree = "<group>"; };
		EAA99E301C41E6BC00CF3246 /* Info.plist */ = {isa = PBXFileReference; lastKnownFileType = text.plist.xml; name = Info.plist; path = resources/GEFramework/Info.plist; sourceTree = "<group>"; };
		EAA99E371C41E80E00CF3246 /* ShapeShaders.metal */ = {isa = PBXFileReference; fileEncoding = 4; lastKnownFileType = sourcecode.metal; name = ShapeShaders.metal; path = src/shaders/ShapeShaders.metal; sourceTree = SOURCE_ROOT; };
		EAA99E381C41E80E00CF3246 /* SpriteShaders.metal */ = {isa = PBXFileReference; fileEncoding = 4; lastKnownFileType = sourcecode.metal; name = SpriteShaders.metal; path = src/shaders/SpriteShaders.metal; sourceTree = SOURCE_ROOT; };
		EABDF7461CFB8C0E00F555BF /* BufferManager.swift */ = {isa = PBXFileReference; fileEncoding = 4; lastKnownFileType = sourcecode.swift; name = BufferManager.swift; path = src/private/BufferManager.swift; sourceTree = SOURCE_ROOT; };
		EABDF7491CFCB2DA00F555BF /* LightTexturePipeline.swift */ = {isa = PBXFileReference; fileEncoding = 4; lastKnownFileType = sourcecode.swift; name = LightTexturePipeline.swift; path = src/private/LightTexturePipeline.swift; sourceTree = SOURCE_ROOT; };
		EABDF74C1CFCB96400F555BF /* ComputeRenderer.swift */ = {isa = PBXFileReference; fileEncoding = 4; lastKnownFileType = sourcecode.swift; name = ComputeRenderer.swift; path = src/private/ComputeRenderer.swift; sourceTree = SOURCE_ROOT; };
		EABDF7511CFCBEAB00F555BF /* NormalShader.metal */ = {isa = PBXFileReference; fileEncoding = 4; lastKnownFileType = sourcecode.metal; name = NormalShader.metal; path = src/shaders/NormalShader.metal; sourceTree = SOURCE_ROOT; };
		EAD522601CF0F1A100A9A6D3 /* GraphCache.swift */ = {isa = PBXFileReference; fileEncoding = 4; lastKnownFileType = sourcecode.swift; name = GraphCache.swift; path = src/private/GraphCache.swift; sourceTree = SOURCE_ROOT; };
		EAD522661CF128D400A9A6D3 /* SpritePipeline.swift */ = {isa = PBXFileReference; fileEncoding = 4; lastKnownFileType = sourcecode.swift; name = SpritePipeline.swift; path = src/private/SpritePipeline.swift; sourceTree = SOURCE_ROOT; };
		EAE6ED411CCBC1330046A5BE /* Mat2.swift */ = {isa = PBXFileReference; fileEncoding = 4; lastKnownFileType = sourcecode.swift; name = Mat2.swift; path = src/math/Mat2.swift; sourceTree = "<group>"; };
		EAE6ED421CCBC1330046A5BE /* Mat3.swift */ = {isa = PBXFileReference; fileEncoding = 4; lastKnownFileType = sourcecode.swift; name = Mat3.swift; path = src/math/Mat3.swift; sourceTree = "<group>"; };
		EAE6ED431CCBC1330046A5BE /* Mat4.swift */ = {isa = PBXFileReference; fileEncoding = 4; lastKnownFileType = sourcecode.swift; name = Mat4.swift; path = src/math/Mat4.swift; sourceTree = "<group>"; };
		EAE6ED441CCBC1330046A5BE /* Math.swift */ = {isa = PBXFileReference; fileEncoding = 4; lastKnownFileType = sourcecode.swift; name = Math.swift; path = src/math/Math.swift; sourceTree = "<group>"; };
		EAE6ED4D1CCBF02E0046A5BE /* Renderable.swift */ = {isa = PBXFileReference; fileEncoding = 4; lastKnownFileType = sourcecode.swift; name = Renderable.swift; path = src/private/Renderable.swift; sourceTree = SOURCE_ROOT; };
		EAE75E361C42D091001EB176 /* Scene.swift */ = {isa = PBXFileReference; fileEncoding = 4; lastKnownFileType = sourcecode.swift; name = Scene.swift; path = src/public/Scene.swift; sourceTree = SOURCE_ROOT; };
		EAE75E7E1C42FE62001EB176 /* GameView.swift */ = {isa = PBXFileReference; fileEncoding = 4; lastKnownFileType = sourcecode.swift; name = GameView.swift; path = src/public/GameView.swift; sourceTree = SOURCE_ROOT; };
		EAEAAC661C66995000BFB938 /* FontAtlas.swift */ = {isa = PBXFileReference; fileEncoding = 4; lastKnownFileType = sourcecode.swift; name = FontAtlas.swift; path = src/private/FontAtlas.swift; sourceTree = SOURCE_ROOT; };
		EAEE8E941CCD37E900CF8344 /* TestGameViewController.swift */ = {isa = PBXFileReference; fileEncoding = 4; lastKnownFileType = sourcecode.swift; name = TestGameViewController.swift; path = src/public/TestGameViewController.swift; sourceTree = SOURCE_ROOT; };
		EAEF9CC91CD6811A0059832D /* Size.swift */ = {isa = PBXFileReference; fileEncoding = 4; lastKnownFileType = sourcecode.swift; name = Size.swift; path = src/public/Size.swift; sourceTree = SOURCE_ROOT; };
		EAEF9CCC1CD684D20059832D /* Point.swift */ = {isa = PBXFileReference; fileEncoding = 4; lastKnownFileType = sourcecode.swift; name = Point.swift; path = src/public/Point.swift; sourceTree = SOURCE_ROOT; };
		EAEF9CCF1CD6886C0059832D /* Rect.swift */ = {isa = PBXFileReference; fileEncoding = 4; lastKnownFileType = sourcecode.swift; name = Rect.swift; path = src/public/Rect.swift; sourceTree = SOURCE_ROOT; };
		EAF7BB001C8CC85700258C37 /* Quad.swift */ = {isa = PBXFileReference; fileEncoding = 4; lastKnownFileType = sourcecode.swift; name = Quad.swift; path = src/private/Quad.swift; sourceTree = SOURCE_ROOT; };
		EAFD76961C836BF100ABDC50 /* NodeGeometry.swift */ = {isa = PBXFileReference; fileEncoding = 4; lastKnownFileType = sourcecode.swift; name = NodeGeometry.swift; path = src/public/NodeGeometry.swift; sourceTree = SOURCE_ROOT; };
		EAFD769A1C836C0500ABDC50 /* Updateable.swift */ = {isa = PBXFileReference; fileEncoding = 4; lastKnownFileType = sourcecode.swift; name = Updateable.swift; path = src/public/Updateable.swift; sourceTree = SOURCE_ROOT; };
/* End PBXFileReference section */

/* Begin PBXFrameworksBuildPhase section */
		EA0363B61C31C85E00D283E3 /* Frameworks */ = {
			isa = PBXFrameworksBuildPhase;
			buildActionMask = 2147483647;
			files = (
			);
			runOnlyForDeploymentPostprocessing = 0;
		};
		EA0363CC1C31C85F00D283E3 /* Frameworks */ = {
			isa = PBXFrameworksBuildPhase;
			buildActionMask = 2147483647;
			files = (
			);
			runOnlyForDeploymentPostprocessing = 0;
		};
		EAA99D741C41E10900CF3246 /* Frameworks */ = {
			isa = PBXFrameworksBuildPhase;
			buildActionMask = 2147483647;
			files = (
			);
			runOnlyForDeploymentPostprocessing = 0;
		};
/* End PBXFrameworksBuildPhase section */

/* Begin PBXGroup section */
		EA0363B01C31C85E00D283E3 = {
			isa = PBXGroup;
			children = (
				EA0363BB1C31C85E00D283E3 /* GameEngine */,
				EAA99DE71C41E53800CF3246 /* Shaders */,
				EAE6ED401CCBC1090046A5BE /* Math */,
				EAA99E231C41E64700CF3246 /* resources */,
				EA0363D21C31C85F00D283E3 /* GameEngineTests */,
				EA0363BA1C31C85E00D283E3 /* Products */,
			);
			sourceTree = "<group>";
		};
		EA0363BA1C31C85E00D283E3 /* Products */ = {
			isa = PBXGroup;
			children = (
				EA0363B91C31C85E00D283E3 /* GameEngine.app */,
				EA0363CF1C31C85F00D283E3 /* GameEngine.xctest */,
				EAA99D781C41E10900CF3246 /* GameEngine.framework */,
			);
			name = Products;
			sourceTree = "<group>";
		};
		EA0363BB1C31C85E00D283E3 /* GameEngine */ = {
			isa = PBXGroup;
			children = (
				EAA99D9A1C41E3D400CF3246 /* AppDelegate.swift */,
				EAA99DC61C41E4B900CF3246 /* Globals.swift */,
				EAC6405A1C346D6B00B6AE68 /* Nodes */,
				EAE75E391C42D096001EB176 /* Views */,
				EAC640A01C34B17A00B6AE68 /* Extensions */,
			);
			name = GameEngine;
			path = MKTest;
			sourceTree = "<group>";
		};
		EA0363D21C31C85F00D283E3 /* GameEngineTests */ = {
			isa = PBXGroup;
			children = (
				EA0363D31C31C85F00D283E3 /* MKTestTests.swift */,
				EA0363D51C31C85F00D283E3 /* Info.plist */,
			);
			name = GameEngineTests;
			path = MKTestTests;
			sourceTree = "<group>";
		};
		EA0DDB9F1C66E1E4002DD5B7 /* Font */ = {
			isa = PBXGroup;
			children = (
				EA9B1E7D1C725EDE000FFDF7 /* Fonts.swift */,
				EAEAAC661C66995000BFB938 /* FontAtlas.swift */,
			);
			name = Font;
			sourceTree = "<group>";
		};
		EA256A141CA88089008F720B /* Rendered */ = {
			isa = PBXGroup;
			children = (
				EA6629B11D29B6490076B9C4 /* LightNode.swift */,
				EAA99DDE1C41E52700CF3246 /* ShapeNode.swift */,
				EAA99DE01C41E52700CF3246 /* SpriteNode.swift */,
				EA9B1E801C727625000FFDF7 /* TextNode.swift */,
				EA1ACBEC1C9E53A800878EE6 /* Texture.swift */,
				EA256A111CA88082008F720B /* TextureAtlas.swift */,
			);
			name = Rendered;
			sourceTree = "<group>";
		};
		EA4A58571C38823D00D39F17 /* Animation */ = {
			isa = PBXGroup;
			children = (
				EAA99DDB1C41E51C00CF3246 /* Action.swift */,
				EA1993E11CD56239009DC869 /* Easing.swift */,
			);
			name = Animation;
			sourceTree = "<group>";
		};
		EAA99DE71C41E53800CF3246 /* Shaders */ = {
			isa = PBXGroup;
			children = (
				EABDF7511CFCBEAB00F555BF /* NormalShader.metal */,
				EAA99E371C41E80E00CF3246 /* ShapeShaders.metal */,
				EAA99E381C41E80E00CF3246 /* SpriteShaders.metal */,
				EA9B1E7A1C724C3D000FFDF7 /* TextShaders.metal */,
			);
			name = Shaders;
			path = MKTest;
			sourceTree = "<group>";
		};
		EAA99E231C41E64700CF3246 /* resources */ = {
			isa = PBXGroup;
			children = (
				EAA99E241C41E65700CF3246 /* Assets.xcassets */,
				EA1ACBF21C9E5D7000878EE6 /* error.png */,
				EAA99E2B1C41E68D00CF3246 /* Test */,
				EAA99E2A1C41E68800CF3246 /* GEFramework */,
			);
			name = resources;
			sourceTree = "<group>";
		};
		EAA99E2A1C41E68800CF3246 /* GEFramework */ = {
			isa = PBXGroup;
			children = (
				EAA99E2F1C41E6BC00CF3246 /* GameEngine.h */,
				EAA99E301C41E6BC00CF3246 /* Info.plist */,
			);
			name = GEFramework;
			sourceTree = "<group>";
		};
		EAA99E2B1C41E68D00CF3246 /* Test */ = {
			isa = PBXGroup;
			children = (
				EAA99E2C1C41E6A500CF3246 /* Info.plist */,
				EAA99E2D1C41E6A500CF3246 /* LaunchScreen.storyboard */,
			);
			name = Test;
			sourceTree = "<group>";
		};
		EABDF74F1CFCB96800F555BF /* Compute */ = {
			isa = PBXGroup;
			children = (
				EABDF74C1CFCB96400F555BF /* ComputeRenderer.swift */,
				EABDF7491CFCB2DA00F555BF /* LightTexturePipeline.swift */,
			);
			name = Compute;
			sourceTree = "<group>";
		};
		EABDF7501CFCB97B00F555BF /* RenderPipelines */ = {
			isa = PBXGroup;
			children = (
				EAA99DCA1C41E4F100CF3246 /* Renderer.swift */,
				EAA99DCB1C41E4F100CF3246 /* RenderPassQueue.swift */,
				EA6B12681CF13DB1004E4FCB /* ShapePipeline.swift */,
				EAD522661CF128D400A9A6D3 /* SpritePipeline.swift */,
				EA6B126B1CF13DDA004E4FCB /* TextPipeline.swift */,
			);
			name = RenderPipelines;
			sourceTree = "<group>";
		};
		EAC6405A1C346D6B00B6AE68 /* Nodes */ = {
			isa = PBXGroup;
			children = (
				EA256A141CA88089008F720B /* Rendered */,
				EAFD76951C836BB200ABDC50 /* Protocols */,
				EA4A58571C38823D00D39F17 /* Animation */,
				EAC640A11C34B60E00B6AE68 /* DataStructures */,
				EAA99DDF1C41E52700CF3246 /* Node.swift */,
				EAA99DF11C41E57C00CF3246 /* CameraNode.swift */,
			);
			name = Nodes;
			sourceTree = "<group>";
		};
		EAC6405B1C34708700B6AE68 /* RenderPipelines */ = {
			isa = PBXGroup;
			children = (
				EABDF7501CFCB97B00F555BF /* RenderPipelines */,
				EABDF74F1CFCB96800F555BF /* Compute */,
				EA6C2A111CF22F8600F99E1D /* Buffer.swift */,
				EABDF7461CFB8C0E00F555BF /* BufferManager.swift */,
				EA72451B1C8CFF6E0059B068 /* Device.swift */,
				EAA99DC91C41E4F100CF3246 /* Pipeline.swift */,
			);
			name = RenderPipelines;
			sourceTree = "<group>";
		};
		EAC640A01C34B17A00B6AE68 /* Extensions */ = {
			isa = PBXGroup;
			children = (
				EA3F2D2B1CE79A7200095512 /* ArrayExtension.swift */,
				EAEF9CCF1CD6886C0059832D /* Rect.swift */,
				EA1994261CD57B4F009DC869 /* Color.swift */,
				EAA99DB81C41E47D00CF3246 /* CGExtensions.swift */,
				EAEF9CC91CD6811A0059832D /* Size.swift */,
				EAEF9CCC1CD684D20059832D /* Point.swift */,
			);
			name = Extensions;
			sourceTree = "<group>";
		};
		EAC640A11C34B60E00B6AE68 /* DataStructures */ = {
			isa = PBXGroup;
			children = (
				EA6629AE1D299DF30076B9C4 /* LightUniforms.swift */,
				EAF7BB001C8CC85700258C37 /* Quad.swift */,
				EA256A0E1CA88057008F720B /* TextureFrame.swift */,
				EA0964C81CBAF05100C03BA9 /* Uniforms.swift */,
			);
			name = DataStructures;
			sourceTree = "<group>";
		};
		EAE6ED401CCBC1090046A5BE /* Math */ = {
			isa = PBXGroup;
			children = (
				EAE6ED441CCBC1330046A5BE /* Math.swift */,
				EAE6ED411CCBC1330046A5BE /* Mat2.swift */,
				EAE6ED421CCBC1330046A5BE /* Mat3.swift */,
				EAE6ED431CCBC1330046A5BE /* Mat4.swift */,
			);
			name = Math;
			sourceTree = "<group>";
		};
		EAE75E391C42D096001EB176 /* Views */ = {
			isa = PBXGroup;
			children = (
				EA0DDB9F1C66E1E4002DD5B7 /* Font */,
				EAC6405B1C34708700B6AE68 /* RenderPipelines */,
				EAA99DEE1C41E57300CF3246 /* GameViewController.swift */,
				EAEE8E941CCD37E900CF8344 /* TestGameViewController.swift */,
				EAE75E7E1C42FE62001EB176 /* GameView.swift */,
				EA6C2A141CF2378900F99E1D /* Projection.swift */,
				EA8C82C51CDE61BE00D1E59F /* Updater.swift */,
				EAE75E361C42D091001EB176 /* Scene.swift */,
				EAD522601CF0F1A100A9A6D3 /* GraphCache.swift */,
			);
			name = Views;
			sourceTree = "<group>";
		};
		EAFD76951C836BB200ABDC50 /* Protocols */ = {
			isa = PBXGroup;
			children = (
				EAFD76961C836BF100ABDC50 /* NodeGeometry.swift */,
				EAE6ED4D1CCBF02E0046A5BE /* Renderable.swift */,
				EA3236271C8B85A500DA7FCF /* Tree.swift */,
				EAFD769A1C836C0500ABDC50 /* Updateable.swift */,
			);
			name = Protocols;
			sourceTree = "<group>";
		};
/* End PBXGroup section */

/* Begin PBXHeadersBuildPhase section */
		EAA99D751C41E10900CF3246 /* Headers */ = {
			isa = PBXHeadersBuildPhase;
			buildActionMask = 2147483647;
			files = (
			);
			runOnlyForDeploymentPostprocessing = 0;
		};
/* End PBXHeadersBuildPhase section */

/* Begin PBXNativeTarget section */
		EA0363B81C31C85E00D283E3 /* GameEngineTest */ = {
			isa = PBXNativeTarget;
			buildConfigurationList = EA0363E31C31C85F00D283E3 /* Build configuration list for PBXNativeTarget "GameEngineTest" */;
			buildPhases = (
				EA0363B51C31C85E00D283E3 /* Sources */,
				EA0363B61C31C85E00D283E3 /* Frameworks */,
				EA0363B71C31C85E00D283E3 /* Resources */,
			);
			buildRules = (
			);
			dependencies = (
			);
			name = GameEngineTest;
			productName = MKTest;
			productReference = EA0363B91C31C85E00D283E3 /* GameEngine.app */;
			productType = "com.apple.product-type.application";
		};
		EA0363CE1C31C85F00D283E3 /* GameEngineTests */ = {
			isa = PBXNativeTarget;
			buildConfigurationList = EA0363E61C31C85F00D283E3 /* Build configuration list for PBXNativeTarget "GameEngineTests" */;
			buildPhases = (
				EA0363CB1C31C85F00D283E3 /* Sources */,
				EA0363CC1C31C85F00D283E3 /* Frameworks */,
				EA0363CD1C31C85F00D283E3 /* Resources */,
			);
			buildRules = (
			);
			dependencies = (
				EA0363D11C31C85F00D283E3 /* PBXTargetDependency */,
			);
			name = GameEngineTests;
			productName = MKTestTests;
			productReference = EA0363CF1C31C85F00D283E3 /* GameEngine.xctest */;
			productType = "com.apple.product-type.bundle.unit-test";
		};
		EAA99D771C41E10900CF3246 /* GameEngine */ = {
			isa = PBXNativeTarget;
			buildConfigurationList = EAA99D7D1C41E10A00CF3246 /* Build configuration list for PBXNativeTarget "GameEngine" */;
			buildPhases = (
				EAA99D731C41E10900CF3246 /* Sources */,
				EAA99D741C41E10900CF3246 /* Frameworks */,
				EAA99D751C41E10900CF3246 /* Headers */,
				EAA99D761C41E10900CF3246 /* Resources */,
			);
			buildRules = (
			);
			dependencies = (
			);
			name = GameEngine;
			productName = GameEngine;
			productReference = EAA99D781C41E10900CF3246 /* GameEngine.framework */;
			productType = "com.apple.product-type.framework";
		};
/* End PBXNativeTarget section */

/* Begin PBXProject section */
		EA0363B11C31C85E00D283E3 /* Project object */ = {
			isa = PBXProject;
			attributes = {
				LastSwiftUpdateCheck = 0720;
				LastUpgradeCheck = 0720;
				ORGANIZATIONNAME = "Anthony Green";
				TargetAttributes = {
					EA0363B81C31C85E00D283E3 = {
						CreatedOnToolsVersion = 7.2;
						DevelopmentTeam = TVJM564TQF;
					};
					EA0363CE1C31C85F00D283E3 = {
						CreatedOnToolsVersion = 7.2;
						TestTargetID = EA0363B81C31C85E00D283E3;
					};
					EAA99D771C41E10900CF3246 = {
						CreatedOnToolsVersion = 7.2;
					};
				};
			};
			buildConfigurationList = EA0363B41C31C85E00D283E3 /* Build configuration list for PBXProject "GameEngine" */;
			compatibilityVersion = "Xcode 3.2";
			developmentRegion = English;
			hasScannedForEncodings = 0;
			knownRegions = (
				en,
				Base,
			);
			mainGroup = EA0363B01C31C85E00D283E3;
			productRefGroup = EA0363BA1C31C85E00D283E3 /* Products */;
			projectDirPath = "";
			projectRoot = "";
			targets = (
				EA0363B81C31C85E00D283E3 /* GameEngineTest */,
				EAA99D771C41E10900CF3246 /* GameEngine */,
				EA0363CE1C31C85F00D283E3 /* GameEngineTests */,
			);
		};
/* End PBXProject section */

/* Begin PBXResourcesBuildPhase section */
		EA0363B71C31C85E00D283E3 /* Resources */ = {
			isa = PBXResourcesBuildPhase;
			buildActionMask = 2147483647;
			files = (
				EAA99E331C41E6E500CF3246 /* Assets.xcassets in Resources */,
				EA1ACBF31C9E5D7000878EE6 /* error.png in Resources */,
				EAA99E311C41E6D600CF3246 /* LaunchScreen.storyboard in Resources */,
			);
			runOnlyForDeploymentPostprocessing = 0;
		};
		EA0363CD1C31C85F00D283E3 /* Resources */ = {
			isa = PBXResourcesBuildPhase;
			buildActionMask = 2147483647;
			files = (
			);
			runOnlyForDeploymentPostprocessing = 0;
		};
		EAA99D761C41E10900CF3246 /* Resources */ = {
			isa = PBXResourcesBuildPhase;
			buildActionMask = 2147483647;
			files = (
				EA1ACBF41C9E5D7000878EE6 /* error.png in Resources */,
			);
			runOnlyForDeploymentPostprocessing = 0;
		};
/* End PBXResourcesBuildPhase section */

/* Begin PBXSourcesBuildPhase section */
		EA0363B51C31C85E00D283E3 /* Sources */ = {
			isa = PBXSourcesBuildPhase;
			buildActionMask = 2147483647;
			files = (
				EAA99D9B1C41E3D400CF3246 /* AppDelegate.swift in Sources */,
				EAD522611CF0F1A100A9A6D3 /* GraphCache.swift in Sources */,
				EAA99DDC1C41E51C00CF3246 /* Action.swift in Sources */,
				EA6C2A121CF22F8600F99E1D /* Buffer.swift in Sources */,
				EAA99DE51C41E52700CF3246 /* SpriteNode.swift in Sources */,
				EAA99DE11C41E52700CF3246 /* ShapeNode.swift in Sources */,
				EA6B12691CF13DB1004E4FCB /* ShapePipeline.swift in Sources */,
				EA0964C91CBAF05100C03BA9 /* Uniforms.swift in Sources */,
				EA256A0F1CA88057008F720B /* TextureFrame.swift in Sources */,
				EABDF7471CFB8C0E00F555BF /* BufferManager.swift in Sources */,
				EAEF9CD01CD6886C0059832D /* Rect.swift in Sources */,
				EA9B1E7E1C725EDE000FFDF7 /* Fonts.swift in Sources */,
				EA9B1E7B1C724C3D000FFDF7 /* TextShaders.metal in Sources */,
				EAD522671CF128D400A9A6D3 /* SpritePipeline.swift in Sources */,
				EA1ACBED1C9E53A800878EE6 /* Texture.swift in Sources */,
				EAFD76971C836BF100ABDC50 /* NodeGeometry.swift in Sources */,
				EAEF9CCD1CD684D20059832D /* Point.swift in Sources */,
				EAA99DCC1C41E4F100CF3246 /* Pipeline.swift in Sources */,
				EA1993E21CD56239009DC869 /* Easing.swift in Sources */,
				EAE6ED4B1CCBC1330046A5BE /* Math.swift in Sources */,
				EABDF74D1CFCB96400F555BF /* ComputeRenderer.swift in Sources */,
				EAA99DBD1C41E47D00CF3246 /* CGExtensions.swift in Sources */,
				EABDF74A1CFCB2DA00F555BF /* LightTexturePipeline.swift in Sources */,
				EA6B126C1CF13DDA004E4FCB /* TextPipeline.swift in Sources */,
				EA6C2A151CF2378900F99E1D /* Projection.swift in Sources */,
				EAE75E371C42D091001EB176 /* Scene.swift in Sources */,
				EAEF9CCA1CD6811A0059832D /* Size.swift in Sources */,
				EAFD769D1C836C0500ABDC50 /* Updateable.swift in Sources */,
				EAF7BB011C8CC85700258C37 /* Quad.swift in Sources */,
				EA1994271CD57B4F009DC869 /* Color.swift in Sources */,
				EA256A121CA88082008F720B /* TextureAtlas.swift in Sources */,
				EA6629B21D29B6490076B9C4 /* LightNode.swift in Sources */,
				EA3236281C8B85A500DA7FCF /* Tree.swift in Sources */,
				EA9B1E811C727625000FFDF7 /* TextNode.swift in Sources */,
				EAE6ED4E1CCBF02E0046A5BE /* Renderable.swift in Sources */,
				EA72451C1C8CFF6E0059B068 /* Device.swift in Sources */,
				EAA99E3B1C41E80E00CF3246 /* SpriteShaders.metal in Sources */,
				EA3F2D2C1CE79A7200095512 /* ArrayExtension.swift in Sources */,
				EAE75E7F1C42FE62001EB176 /* GameView.swift in Sources */,
				EA8C82C61CDE61BE00D1E59F /* Updater.swift in Sources */,
				EAA99DCE1C41E4F100CF3246 /* Renderer.swift in Sources */,
				EAE6ED451CCBC1330046A5BE /* Mat2.swift in Sources */,
				EA6629AF1D299DF30076B9C4 /* LightUniforms.swift in Sources */,
				EAA99DC71C41E4B900CF3246 /* Globals.swift in Sources */,
				EAEE8E951CCD37E900CF8344 /* TestGameViewController.swift in Sources */,
				EAA99DD01C41E4F100CF3246 /* RenderPassQueue.swift in Sources */,
				EAE6ED471CCBC1330046A5BE /* Mat3.swift in Sources */,
				EAE6ED491CCBC1330046A5BE /* Mat4.swift in Sources */,
				EAA99DF21C41E57C00CF3246 /* CameraNode.swift in Sources */,
				EABDF7521CFCBEAB00F555BF /* NormalShader.metal in Sources */,
				EAA99E391C41E80E00CF3246 /* ShapeShaders.metal in Sources */,
				EAEAAC671C66995000BFB938 /* FontAtlas.swift in Sources */,
				EAA99DE31C41E52700CF3246 /* Node.swift in Sources */,
			);
			runOnlyForDeploymentPostprocessing = 0;
		};
		EA0363CB1C31C85F00D283E3 /* Sources */ = {
			isa = PBXSourcesBuildPhase;
			buildActionMask = 2147483647;
			files = (
				EA0363D41C31C85F00D283E3 /* MKTestTests.swift in Sources */,
			);
			runOnlyForDeploymentPostprocessing = 0;
		};
		EAA99D731C41E10900CF3246 /* Sources */ = {
			isa = PBXSourcesBuildPhase;
			buildActionMask = 2147483647;
			files = (
				EAA99DF01C41E57300CF3246 /* GameViewController.swift in Sources */,
				EA9B1E7C1C724C3D000FFDF7 /* TextShaders.metal in Sources */,
				EAE6ED481CCBC1330046A5BE /* Mat3.swift in Sources */,
				EAA99DE21C41E52700CF3246 /* ShapeNode.swift in Sources */,
				EA3236291C8B85A500DA7FCF /* Tree.swift in Sources */,
				EAEF9CD11CD6886C0059832D /* Rect.swift in Sources */,
				EAE6ED461CCBC1330046A5BE /* Mat2.swift in Sources */,
				EA3F2D2D1CE79A7200095512 /* ArrayExtension.swift in Sources */,
				EAE6ED4A1CCBC1330046A5BE /* Mat4.swift in Sources */,
				EA6629B01D299DF30076B9C4 /* LightUniforms.swift in Sources */,
				EAA99DCF1C41E4F100CF3246 /* Renderer.swift in Sources */,
				EAA99DC81C41E4B900CF3246 /* Globals.swift in Sources */,
				EAF7BB021C8CC85700258C37 /* Quad.swift in Sources */,
				EAE75E801C42FE68001EB176 /* GameView.swift in Sources */,
				EAEAAC681C66995000BFB938 /* FontAtlas.swift in Sources */,
				EA72451D1C8CFF6E0059B068 /* Device.swift in Sources */,
				EAA99DE41C41E52700CF3246 /* Node.swift in Sources */,
				EAA99E3A1C41E80E00CF3246 /* ShapeShaders.metal in Sources */,
				EABDF74E1CFCB96400F555BF /* ComputeRenderer.swift in Sources */,
				EA6B126A1CF13DB1004E4FCB /* ShapePipeline.swift in Sources */,
				EA6C2A161CF2378900F99E1D /* Projection.swift in Sources */,
				EAA99DBE1C41E47D00CF3246 /* CGExtensions.swift in Sources */,
				EA8C82C71CDE61BE00D1E59F /* Updater.swift in Sources */,
				EAEF9CCE1CD684D20059832D /* Point.swift in Sources */,
				EA1994281CD57B4F009DC869 /* Color.swift in Sources */,
				EABDF74B1CFCB2DA00F555BF /* LightTexturePipeline.swift in Sources */,
				EAE75E381C42D091001EB176 /* Scene.swift in Sources */,
				EAA99DF31C41E57C00CF3246 /* CameraNode.swift in Sources */,
				EAD522621CF0F1A100A9A6D3 /* GraphCache.swift in Sources */,
				EAFD769E1C836C0500ABDC50 /* Updateable.swift in Sources */,
				EAE6ED4F1CCBF02E0046A5BE /* Renderable.swift in Sources */,
				EA9B1E7F1C725EDE000FFDF7 /* Fonts.swift in Sources */,
				EA1ACBEE1C9E53A800878EE6 /* Texture.swift in Sources */,
				EAEF9CCB1CD6811A0059832D /* Size.swift in Sources */,
				EAA99DDD1C41E51C00CF3246 /* Action.swift in Sources */,
				EA0964CA1CBAF05100C03BA9 /* Uniforms.swift in Sources */,
				EA9B1E821C727625000FFDF7 /* TextNode.swift in Sources */,
				EA1993E31CD56239009DC869 /* Easing.swift in Sources */,
				EA256A101CA88057008F720B /* TextureFrame.swift in Sources */,
				EA6C2A131CF22F8600F99E1D /* Buffer.swift in Sources */,
				EA256A131CA88082008F720B /* TextureAtlas.swift in Sources */,
				EABDF7531CFCBEAB00F555BF /* NormalShader.metal in Sources */,
				EAFD76981C836BF100ABDC50 /* NodeGeometry.swift in Sources */,
				EA6B126D1CF13DDA004E4FCB /* TextPipeline.swift in Sources */,
				EA6629B31D29B6490076B9C4 /* LightNode.swift in Sources */,
				EAA99DD11C41E4F100CF3246 /* RenderPassQueue.swift in Sources */,
				EAE6ED4C1CCBC1330046A5BE /* Math.swift in Sources */,
				EAA99E3C1C41E80E00CF3246 /* SpriteShaders.metal in Sources */,
				EAA99DE61C41E52700CF3246 /* SpriteNode.swift in Sources */,
				EAD522681CF128D400A9A6D3 /* SpritePipeline.swift in Sources */,
				EAA99DCD1C41E4F100CF3246 /* Pipeline.swift in Sources */,
				EABDF7481CFB8C0E00F555BF /* BufferManager.swift in Sources */,
			);
			runOnlyForDeploymentPostprocessing = 0;
		};
/* End PBXSourcesBuildPhase section */

/* Begin PBXTargetDependency section */
		EA0363D11C31C85F00D283E3 /* PBXTargetDependency */ = {
			isa = PBXTargetDependency;
			target = EA0363B81C31C85E00D283E3 /* GameEngineTest */;
			targetProxy = EA0363D01C31C85F00D283E3 /* PBXContainerItemProxy */;
		};
/* End PBXTargetDependency section */

/* Begin XCBuildConfiguration section */
		EA0363E11C31C85F00D283E3 /* Debug */ = {
			isa = XCBuildConfiguration;
			buildSettings = {
				ALWAYS_SEARCH_USER_PATHS = NO;
				CLANG_CXX_LANGUAGE_STANDARD = "gnu++0x";
				CLANG_CXX_LIBRARY = "libc++";
				CLANG_ENABLE_MODULES = YES;
				CLANG_ENABLE_OBJC_ARC = YES;
				CLANG_WARN_BOOL_CONVERSION = YES;
				CLANG_WARN_CONSTANT_CONVERSION = YES;
				CLANG_WARN_DIRECT_OBJC_ISA_USAGE = YES_ERROR;
				CLANG_WARN_EMPTY_BODY = YES;
				CLANG_WARN_ENUM_CONVERSION = YES;
				CLANG_WARN_INT_CONVERSION = YES;
				CLANG_WARN_OBJC_ROOT_CLASS = YES_ERROR;
				CLANG_WARN_UNREACHABLE_CODE = YES;
				CLANG_WARN__DUPLICATE_METHOD_MATCH = YES;
				"CODE_SIGN_IDENTITY[sdk=iphoneos*]" = "iPhone Developer";
				COPY_PHASE_STRIP = NO;
				DEBUG_INFORMATION_FORMAT = "dwarf-with-dsym";
				ENABLE_STRICT_OBJC_MSGSEND = YES;
				ENABLE_TESTABILITY = YES;
				GCC_C_LANGUAGE_STANDARD = gnu99;
				GCC_DYNAMIC_NO_PIC = NO;
				GCC_NO_COMMON_BLOCKS = YES;
				GCC_OPTIMIZATION_LEVEL = 0;
				GCC_PREPROCESSOR_DEFINITIONS = (
					"DEBUG=1",
					"$(inherited)",
				);
				GCC_WARN_64_TO_32_BIT_CONVERSION = YES;
				GCC_WARN_ABOUT_RETURN_TYPE = YES_ERROR;
				GCC_WARN_UNDECLARED_SELECTOR = YES;
				GCC_WARN_UNINITIALIZED_AUTOS = YES_AGGRESSIVE;
				GCC_WARN_UNUSED_FUNCTION = YES;
				GCC_WARN_UNUSED_VARIABLE = YES;
				IPHONEOS_DEPLOYMENT_TARGET = 9.2;
				MTL_ENABLE_DEBUG_INFO = YES;
				ONLY_ACTIVE_ARCH = YES;
				SDKROOT = iphoneos;
				SWIFT_OPTIMIZATION_LEVEL = "-Onone";
				TARGETED_DEVICE_FAMILY = "1,2";
			};
			name = Debug;
		};
		EA0363E21C31C85F00D283E3 /* Release */ = {
			isa = XCBuildConfiguration;
			buildSettings = {
				ALWAYS_SEARCH_USER_PATHS = NO;
				CLANG_CXX_LANGUAGE_STANDARD = "gnu++0x";
				CLANG_CXX_LIBRARY = "libc++";
				CLANG_ENABLE_MODULES = YES;
				CLANG_ENABLE_OBJC_ARC = YES;
				CLANG_WARN_BOOL_CONVERSION = YES;
				CLANG_WARN_CONSTANT_CONVERSION = YES;
				CLANG_WARN_DIRECT_OBJC_ISA_USAGE = YES_ERROR;
				CLANG_WARN_EMPTY_BODY = YES;
				CLANG_WARN_ENUM_CONVERSION = YES;
				CLANG_WARN_INT_CONVERSION = YES;
				CLANG_WARN_OBJC_ROOT_CLASS = YES_ERROR;
				CLANG_WARN_UNREACHABLE_CODE = YES;
				CLANG_WARN__DUPLICATE_METHOD_MATCH = YES;
				"CODE_SIGN_IDENTITY[sdk=iphoneos*]" = "iPhone Developer";
				COPY_PHASE_STRIP = NO;
				DEBUG_INFORMATION_FORMAT = "dwarf-with-dsym";
				ENABLE_NS_ASSERTIONS = NO;
				ENABLE_STRICT_OBJC_MSGSEND = YES;
				GCC_C_LANGUAGE_STANDARD = gnu99;
				GCC_NO_COMMON_BLOCKS = YES;
				GCC_WARN_64_TO_32_BIT_CONVERSION = YES;
				GCC_WARN_ABOUT_RETURN_TYPE = YES_ERROR;
				GCC_WARN_UNDECLARED_SELECTOR = YES;
				GCC_WARN_UNINITIALIZED_AUTOS = YES_AGGRESSIVE;
				GCC_WARN_UNUSED_FUNCTION = YES;
				GCC_WARN_UNUSED_VARIABLE = YES;
				IPHONEOS_DEPLOYMENT_TARGET = 9.2;
				MTL_ENABLE_DEBUG_INFO = NO;
				SDKROOT = iphoneos;
				TARGETED_DEVICE_FAMILY = "1,2";
				VALIDATE_PRODUCT = YES;
			};
			name = Release;
		};
		EA0363E41C31C85F00D283E3 /* Debug */ = {
			isa = XCBuildConfiguration;
			buildSettings = {
				ALWAYS_SEARCH_USER_PATHS = YES;
				ASSETCATALOG_COMPILER_APPICON_NAME = AppIcon;
				CODE_SIGN_IDENTITY = "iPhone Developer";
				INFOPLIST_FILE = "$(SRCROOT)/resources/Test/Info.plist";
				IPHONEOS_DEPLOYMENT_TARGET = 9.0;
				LD_RUNPATH_SEARCH_PATHS = "$(inherited) @executable_path/Frameworks";
				OTHER_SWIFT_FLAGS = "-DTESTTARGET -DDEBUG";
				PRODUCT_BUNDLE_IDENTIFIER = solarjetmen.GameEngine;
				PRODUCT_NAME = GameEngine;
				TARGETED_DEVICE_FAMILY = "1,2";
			};
			name = Debug;
		};
		EA0363E51C31C85F00D283E3 /* Release */ = {
			isa = XCBuildConfiguration;
			buildSettings = {
				ALWAYS_SEARCH_USER_PATHS = YES;
				ASSETCATALOG_COMPILER_APPICON_NAME = AppIcon;
				CODE_SIGN_IDENTITY = "iPhone Developer";
				INFOPLIST_FILE = "$(SRCROOT)/resources/Test/Info.plist";
				IPHONEOS_DEPLOYMENT_TARGET = 9.0;
				LD_RUNPATH_SEARCH_PATHS = "$(inherited) @executable_path/Frameworks";
				OTHER_SWIFT_FLAGS = "-DTESTTARGET";
				PRODUCT_BUNDLE_IDENTIFIER = solarjetmen.GameEngine;
				PRODUCT_NAME = GameEngine;
				TARGETED_DEVICE_FAMILY = "1,2";
			};
			name = Release;
		};
		EA0363E71C31C85F00D283E3 /* Debug */ = {
			isa = XCBuildConfiguration;
			buildSettings = {
				BUNDLE_LOADER = "$(TEST_HOST)";
				DEBUG_INFORMATION_FORMAT = dwarf;
				INFOPLIST_FILE = MKTestTests/Info.plist;
				LD_RUNPATH_SEARCH_PATHS = "$(inherited) @executable_path/Frameworks @loader_path/Frameworks";
				PRODUCT_BUNDLE_IDENTIFIER = asda.MKTestTests;
				PRODUCT_NAME = GameEngine;
				TEST_HOST = "$(BUILT_PRODUCTS_DIR)/GameEngine.app/GameEngine";
			};
			name = Debug;
		};
		EA0363E81C31C85F00D283E3 /* Release */ = {
			isa = XCBuildConfiguration;
			buildSettings = {
				BUNDLE_LOADER = "$(TEST_HOST)";
				INFOPLIST_FILE = MKTestTests/Info.plist;
				LD_RUNPATH_SEARCH_PATHS = "$(inherited) @executable_path/Frameworks @loader_path/Frameworks";
				PRODUCT_BUNDLE_IDENTIFIER = asda.MKTestTests;
				PRODUCT_NAME = GameEngine;
				TEST_HOST = "$(BUILT_PRODUCTS_DIR)/GameEngine.app/GameEngine";
			};
			name = Release;
		};
		EAA99D7E1C41E10A00CF3246 /* Debug */ = {
			isa = XCBuildConfiguration;
			buildSettings = {
				CURRENT_PROJECT_VERSION = 1;
				DEBUG_INFORMATION_FORMAT = dwarf;
				DEFINES_MODULE = YES;
				DYLIB_COMPATIBILITY_VERSION = 1;
				DYLIB_CURRENT_VERSION = 1;
				DYLIB_INSTALL_NAME_BASE = "@rpath";
				FRAMEWORK_SEARCH_PATHS = "$(SRCROOT)";
				INFOPLIST_FILE = "$(SRCROOT)/resources/GEFramework/Info.plist";
				INSTALL_PATH = "$(LOCAL_LIBRARY_DIR)/Frameworks";
				IPHONEOS_DEPLOYMENT_TARGET = 9.0;
				LD_RUNPATH_SEARCH_PATHS = "$(inherited) @executable_path/Frameworks @loader_path/Frameworks";
				PRODUCT_BUNDLE_IDENTIFIER = solarjetmen.GameEngine;
				PRODUCT_NAME = "$(TARGET_NAME)";
				SKIP_INSTALL = YES;
				VERSIONING_SYSTEM = "apple-generic";
				VERSION_INFO_PREFIX = "";
			};
			name = Debug;
		};
		EAA99D7F1C41E10A00CF3246 /* Release */ = {
			isa = XCBuildConfiguration;
			buildSettings = {
				CURRENT_PROJECT_VERSION = 1;
				DEFINES_MODULE = YES;
				DYLIB_COMPATIBILITY_VERSION = 1;
				DYLIB_CURRENT_VERSION = 1;
				DYLIB_INSTALL_NAME_BASE = "@rpath";
				FRAMEWORK_SEARCH_PATHS = "$(SRCROOT)";
				INFOPLIST_FILE = "$(SRCROOT)/resources/GEFramework/Info.plist";
				INSTALL_PATH = "$(LOCAL_LIBRARY_DIR)/Frameworks";
				IPHONEOS_DEPLOYMENT_TARGET = 9.0;
				LD_RUNPATH_SEARCH_PATHS = "$(inherited) @executable_path/Frameworks @loader_path/Frameworks";
				PRODUCT_BUNDLE_IDENTIFIER = solarjetmen.GameEngine;
				PRODUCT_NAME = "$(TARGET_NAME)";
				SKIP_INSTALL = YES;
				VERSIONING_SYSTEM = "apple-generic";
				VERSION_INFO_PREFIX = "";
			};
			name = Release;
		};
/* End XCBuildConfiguration section */

/* Begin XCConfigurationList section */
		EA0363B41C31C85E00D283E3 /* Build configuration list for PBXProject "GameEngine" */ = {
			isa = XCConfigurationList;
			buildConfigurations = (
				EA0363E11C31C85F00D283E3 /* Debug */,
				EA0363E21C31C85F00D283E3 /* Release */,
			);
			defaultConfigurationIsVisible = 0;
			defaultConfigurationName = Release;
		};
		EA0363E31C31C85F00D283E3 /* Build configuration list for PBXNativeTarget "GameEngineTest" */ = {
			isa = XCConfigurationList;
			buildConfigurations = (
				EA0363E41C31C85F00D283E3 /* Debug */,
				EA0363E51C31C85F00D283E3 /* Release */,
			);
			defaultConfigurationIsVisible = 0;
			defaultConfigurationName = Release;
		};
		EA0363E61C31C85F00D283E3 /* Build configuration list for PBXNativeTarget "GameEngineTests" */ = {
			isa = XCConfigurationList;
			buildConfigurations = (
				EA0363E71C31C85F00D283E3 /* Debug */,
				EA0363E81C31C85F00D283E3 /* Release */,
			);
			defaultConfigurationIsVisible = 0;
			defaultConfigurationName = Release;
		};
		EAA99D7D1C41E10A00CF3246 /* Build configuration list for PBXNativeTarget "GameEngine" */ = {
			isa = XCConfigurationList;
			buildConfigurations = (
				EAA99D7E1C41E10A00CF3246 /* Debug */,
				EAA99D7F1C41E10A00CF3246 /* Release */,
			);
			defaultConfigurationIsVisible = 0;
			defaultConfigurationName = Release;
		};
/* End XCConfigurationList section */
	};
	rootObject = EA0363B11C31C85E00D283E3 /* Project object */;
}
