// !$*UTF8*$!
{
	archiveVersion = 1;
	classes = {
	};
	objectVersion = 46;
	objects = {

/* Begin PBXBuildFile section */
		EA9DC9C61E0F3B18000FCF02 /* AppDelegate.swift in Sources */ = {isa = PBXBuildFile; fileRef = EA9DC9C51E0F3B18000FCF02 /* AppDelegate.swift */; };
		EA9DC9C81E0F3B18000FCF02 /* ViewController.swift in Sources */ = {isa = PBXBuildFile; fileRef = EA9DC9C71E0F3B18000FCF02 /* ViewController.swift */; };
		EA9DC9CD1E0F3B18000FCF02 /* Assets.xcassets in Resources */ = {isa = PBXBuildFile; fileRef = EA9DC9CC1E0F3B18000FCF02 /* Assets.xcassets */; };
		EA9DC9D01E0F3B18000FCF02 /* LaunchScreen.storyboard in Resources */ = {isa = PBXBuildFile; fileRef = EA9DC9CE1E0F3B18000FCF02 /* LaunchScreen.storyboard */; };
		EA9DC9D91E0F3BF7000FCF02 /* GameEngine_iOS.framework in Frameworks */ = {isa = PBXBuildFile; fileRef = EA9DC9D81E0F3BF7000FCF02 /* GameEngine_iOS.framework */; };
		EA9DC9DA1E0F3BF7000FCF02 /* GameEngine_iOS.framework in Embed Frameworks */ = {isa = PBXBuildFile; fileRef = EA9DC9D81E0F3BF7000FCF02 /* GameEngine_iOS.framework */; settings = {ATTRIBUTES = (CodeSignOnCopy, RemoveHeadersOnCopy, ); }; };
		EA9DC9F01E0F4105000FCF02 /* Floor.png in Resources */ = {isa = PBXBuildFile; fileRef = EA9DC9EB1E0F4105000FCF02 /* Floor.png */; };
		EA9DC9F11E0F4105000FCF02 /* OpenDoor.png in Resources */ = {isa = PBXBuildFile; fileRef = EA9DC9EC1E0F4105000FCF02 /* OpenDoor.png */; };
		EA9DC9F21E0F4105000FCF02 /* StairsDown.png in Resources */ = {isa = PBXBuildFile; fileRef = EA9DC9ED1E0F4105000FCF02 /* StairsDown.png */; };
		EA9DC9F31E0F4105000FCF02 /* StairsUp.png in Resources */ = {isa = PBXBuildFile; fileRef = EA9DC9EE1E0F4105000FCF02 /* StairsUp.png */; };
		EA9DC9F41E0F4105000FCF02 /* Wall.png in Resources */ = {isa = PBXBuildFile; fileRef = EA9DC9EF1E0F4105000FCF02 /* Wall.png */; };
/* End PBXBuildFile section */

/* Begin PBXCopyFilesBuildPhase section */
		EA9DC9DB1E0F3BF7000FCF02 /* Embed Frameworks */ = {
			isa = PBXCopyFilesBuildPhase;
			buildActionMask = 2147483647;
			dstPath = "";
			dstSubfolderSpec = 10;
			files = (
				EA9DC9DA1E0F3BF7000FCF02 /* GameEngine_iOS.framework in Embed Frameworks */,
			);
			name = "Embed Frameworks";
			runOnlyForDeploymentPostprocessing = 0;
		};
/* End PBXCopyFilesBuildPhase section */

/* Begin PBXFileReference section */
		EA9DC9C21E0F3B18000FCF02 /* Example-iOS.app */ = {isa = PBXFileReference; explicitFileType = wrapper.application; includeInIndex = 0; path = "Example-iOS.app"; sourceTree = BUILT_PRODUCTS_DIR; };
		EA9DC9C51E0F3B18000FCF02 /* AppDelegate.swift */ = {isa = PBXFileReference; lastKnownFileType = sourcecode.swift; path = AppDelegate.swift; sourceTree = "<group>"; };
		EA9DC9C71E0F3B18000FCF02 /* ViewController.swift */ = {isa = PBXFileReference; lastKnownFileType = sourcecode.swift; path = ViewController.swift; sourceTree = "<group>"; };
		EA9DC9CC1E0F3B18000FCF02 /* Assets.xcassets */ = {isa = PBXFileReference; lastKnownFileType = folder.assetcatalog; path = Assets.xcassets; sourceTree = "<group>"; };
		EA9DC9CF1E0F3B18000FCF02 /* Base */ = {isa = PBXFileReference; lastKnownFileType = file.storyboard; name = Base; path = Base.lproj/LaunchScreen.storyboard; sourceTree = "<group>"; };
		EA9DC9D11E0F3B18000FCF02 /* Info.plist */ = {isa = PBXFileReference; lastKnownFileType = text.plist.xml; path = Info.plist; sourceTree = "<group>"; };
		EA9DC9D81E0F3BF7000FCF02 /* GameEngine_iOS.framework */ = {isa = PBXFileReference; explicitFileType = wrapper.framework; path = GameEngine_iOS.framework; sourceTree = BUILT_PRODUCTS_DIR; };
		EA9DC9EB1E0F4105000FCF02 /* Floor.png */ = {isa = PBXFileReference; lastKnownFileType = image.png; name = Floor.png; path = resources/Floor.png; sourceTree = SOURCE_ROOT; };
		EA9DC9EC1E0F4105000FCF02 /* OpenDoor.png */ = {isa = PBXFileReference; lastKnownFileType = image.png; name = OpenDoor.png; path = resources/OpenDoor.png; sourceTree = SOURCE_ROOT; };
		EA9DC9ED1E0F4105000FCF02 /* StairsDown.png */ = {isa = PBXFileReference; lastKnownFileType = image.png; name = StairsDown.png; path = resources/StairsDown.png; sourceTree = SOURCE_ROOT; };
		EA9DC9EE1E0F4105000FCF02 /* StairsUp.png */ = {isa = PBXFileReference; lastKnownFileType = image.png; name = StairsUp.png; path = resources/StairsUp.png; sourceTree = SOURCE_ROOT; };
		EA9DC9EF1E0F4105000FCF02 /* Wall.png */ = {isa = PBXFileReference; lastKnownFileType = image.png; name = Wall.png; path = resources/Wall.png; sourceTree = SOURCE_ROOT; };
/* End PBXFileReference section */

/* Begin PBXFrameworksBuildPhase section */
		EA9DC9BF1E0F3B18000FCF02 /* Frameworks */ = {
			isa = PBXFrameworksBuildPhase;
			buildActionMask = 2147483647;
			files = (
				EA9DC9D91E0F3BF7000FCF02 /* GameEngine_iOS.framework in Frameworks */,
			);
			runOnlyForDeploymentPostprocessing = 0;
		};
/* End PBXFrameworksBuildPhase section */

/* Begin PBXGroup section */
		EA9DC9B91E0F3B18000FCF02 = {
			isa = PBXGroup;
			children = (
				EA9DC9C41E0F3B18000FCF02 /* Example-iOS */,
				EA9DC9C31E0F3B18000FCF02 /* Products */,
				EA9DC9D81E0F3BF7000FCF02 /* GameEngine_iOS.framework */,
			);
			sourceTree = "<group>";
		};
		EA9DC9C31E0F3B18000FCF02 /* Products */ = {
			isa = PBXGroup;
			children = (
				EA9DC9C21E0F3B18000FCF02 /* Example-iOS.app */,
			);
			name = Products;
			sourceTree = "<group>";
		};
		EA9DC9C41E0F3B18000FCF02 /* Example-iOS */ = {
			isa = PBXGroup;
			children = (
				EA9DC9E01E0F40B4000FCF02 /* resources */,
				EA9DC9C51E0F3B18000FCF02 /* AppDelegate.swift */,
				EA9DC9C71E0F3B18000FCF02 /* ViewController.swift */,
				EA9DC9CC1E0F3B18000FCF02 /* Assets.xcassets */,
				EA9DC9CE1E0F3B18000FCF02 /* LaunchScreen.storyboard */,
				EA9DC9D11E0F3B18000FCF02 /* Info.plist */,
			);
			path = "Example-iOS";
			sourceTree = "<group>";
		};
		EA9DC9E01E0F40B4000FCF02 /* resources */ = {
			isa = PBXGroup;
			children = (
				EA9DC9EB1E0F4105000FCF02 /* Floor.png */,
				EA9DC9EC1E0F4105000FCF02 /* OpenDoor.png */,
				EA9DC9ED1E0F4105000FCF02 /* StairsDown.png */,
				EA9DC9EE1E0F4105000FCF02 /* StairsUp.png */,
				EA9DC9EF1E0F4105000FCF02 /* Wall.png */,
			);
			name = resources;
			sourceTree = "<group>";
		};
/* End PBXGroup section */

/* Begin PBXNativeTarget section */
		EA9DC9C11E0F3B18000FCF02 /* Example-iOS */ = {
			isa = PBXNativeTarget;
			buildConfigurationList = EA9DC9D41E0F3B18000FCF02 /* Build configuration list for PBXNativeTarget "Example-iOS" */;
			buildPhases = (
				EA9DC9BE1E0F3B18000FCF02 /* Sources */,
				EA9DC9BF1E0F3B18000FCF02 /* Frameworks */,
				EA9DC9C01E0F3B18000FCF02 /* Resources */,
				EA9DC9DB1E0F3BF7000FCF02 /* Embed Frameworks */,
			);
			buildRules = (
			);
			dependencies = (
			);
			name = "Example-iOS";
			productName = "Example-iOS";
			productReference = EA9DC9C21E0F3B18000FCF02 /* Example-iOS.app */;
			productType = "com.apple.product-type.application";
		};
/* End PBXNativeTarget section */

/* Begin PBXProject section */
		EA9DC9BA1E0F3B18000FCF02 /* Project object */ = {
			isa = PBXProject;
			attributes = {
				LastSwiftUpdateCheck = 0820;
				LastUpgradeCheck = 0820;
				ORGANIZATIONNAME = "Anthony Green";
				TargetAttributes = {
					EA9DC9C11E0F3B18000FCF02 = {
						CreatedOnToolsVersion = 8.2.1;
						DevelopmentTeam = A9PBWT52W8;
						ProvisioningStyle = Automatic;
					};
				};
			};
			buildConfigurationList = EA9DC9BD1E0F3B18000FCF02 /* Build configuration list for PBXProject "Example-iOS" */;
			compatibilityVersion = "Xcode 3.2";
			developmentRegion = English;
			hasScannedForEncodings = 0;
			knownRegions = (
				en,
				Base,
			);
			mainGroup = EA9DC9B91E0F3B18000FCF02;
			productRefGroup = EA9DC9C31E0F3B18000FCF02 /* Products */;
			projectDirPath = "";
			projectRoot = "";
			targets = (
				EA9DC9C11E0F3B18000FCF02 /* Example-iOS */,
			);
		};
/* End PBXProject section */

/* Begin PBXResourcesBuildPhase section */
		EA9DC9C01E0F3B18000FCF02 /* Resources */ = {
			isa = PBXResourcesBuildPhase;
			buildActionMask = 2147483647;
			files = (
				EA9DC9D01E0F3B18000FCF02 /* LaunchScreen.storyboard in Resources */,
				EA9DC9F11E0F4105000FCF02 /* OpenDoor.png in Resources */,
				EA9DC9F31E0F4105000FCF02 /* StairsUp.png in Resources */,
				EA9DC9F41E0F4105000FCF02 /* Wall.png in Resources */,
				EA9DC9F01E0F4105000FCF02 /* Floor.png in Resources */,
				EA9DC9CD1E0F3B18000FCF02 /* Assets.xcassets in Resources */,
				EA9DC9F21E0F4105000FCF02 /* StairsDown.png in Resources */,
			);
			runOnlyForDeploymentPostprocessing = 0;
		};
/* End PBXResourcesBuildPhase section */

/* Begin PBXSourcesBuildPhase section */
		EA9DC9BE1E0F3B18000FCF02 /* Sources */ = {
			isa = PBXSourcesBuildPhase;
			buildActionMask = 2147483647;
			files = (
				EA9DC9C81E0F3B18000FCF02 /* ViewController.swift in Sources */,
				EA9DC9C61E0F3B18000FCF02 /* AppDelegate.swift in Sources */,
			);
			runOnlyForDeploymentPostprocessing = 0;
		};
/* End PBXSourcesBuildPhase section */

/* Begin PBXVariantGroup section */
		EA9DC9CE1E0F3B18000FCF02 /* LaunchScreen.storyboard */ = {
			isa = PBXVariantGroup;
			children = (
				EA9DC9CF1E0F3B18000FCF02 /* Base */,
			);
			name = LaunchScreen.storyboard;
			sourceTree = "<group>";
		};
/* End PBXVariantGroup section */

/* Begin XCBuildConfiguration section */
		EA9DC9D21E0F3B18000FCF02 /* Debug */ = {
			isa = XCBuildConfiguration;
			buildSettings = {
				ALWAYS_SEARCH_USER_PATHS = NO;
				CLANG_ANALYZER_NONNULL = YES;
				CLANG_CXX_LANGUAGE_STANDARD = "gnu++0x";
				CLANG_CXX_LIBRARY = "libc++";
				CLANG_ENABLE_MODULES = YES;
				CLANG_ENABLE_OBJC_ARC = YES;
				CLANG_WARN_BOOL_CONVERSION = YES;
				CLANG_WARN_CONSTANT_CONVERSION = YES;
				CLANG_WARN_DIRECT_OBJC_ISA_USAGE = YES_ERROR;
				CLANG_WARN_DOCUMENTATION_COMMENTS = YES;
				CLANG_WARN_EMPTY_BODY = YES;
				CLANG_WARN_ENUM_CONVERSION = YES;
				CLANG_WARN_INFINITE_RECURSION = YES;
				CLANG_WARN_INT_CONVERSION = YES;
				CLANG_WARN_OBJC_ROOT_CLASS = YES_ERROR;
				CLANG_WARN_SUSPICIOUS_MOVE = YES;
				CLANG_WARN_UNREACHABLE_CODE = YES;
				CLANG_WARN__DUPLICATE_METHOD_MATCH = YES;
				"CODE_SIGN_IDENTITY[sdk=iphoneos*]" = "iPhone Developer";
				COPY_PHASE_STRIP = NO;
				DEBUG_INFORMATION_FORMAT = dwarf;
				ENABLE_STRICT_OBJC_MSGSEND = YES;
				ENABLE_TESTABILITY = YES;
				GCC_C_LANGUAGE_STANDARD = gnu99;
				GCC_DYNAMIC_NO_PIC = NO;
				GCC_NO_COMMON_BLOCKS = YES;
				GCC_OPTIMIZATION_LEVEL = 0;
				GCC_PREPROCESSOR_DEFINITIONS = (
					"DEBUG=1",
					"$(inherited)",
				);
				GCC_WARN_64_TO_32_BIT_CONVERSION = YES;
				GCC_WARN_ABOUT_RETURN_TYPE = YES_ERROR;
				GCC_WARN_UNDECLARED_SELECTOR = YES;
				GCC_WARN_UNINITIALIZED_AUTOS = YES_AGGRESSIVE;
				GCC_WARN_UNUSED_FUNCTION = YES;
				GCC_WARN_UNUSED_VARIABLE = YES;
				IPHONEOS_DEPLOYMENT_TARGET = 10.2;
				MTL_ENABLE_DEBUG_INFO = YES;
				ONLY_ACTIVE_ARCH = YES;
				SDKROOT = iphoneos;
				SWIFT_ACTIVE_COMPILATION_CONDITIONS = DEBUG;
				SWIFT_OPTIMIZATION_LEVEL = "-Onone";
				TARGETED_DEVICE_FAMILY = "1,2";
			};
			name = Debug;
		};
		EA9DC9D31E0F3B18000FCF02 /* Release */ = {
			isa = XCBuildConfiguration;
			buildSettings = {
				ALWAYS_SEARCH_USER_PATHS = NO;
				CLANG_ANALYZER_NONNULL = YES;
				CLANG_CXX_LANGUAGE_STANDARD = "gnu++0x";
				CLANG_CXX_LIBRARY = "libc++";
				CLANG_ENABLE_MODULES = YES;
				CLANG_ENABLE_OBJC_ARC = YES;
				CLANG_WARN_BOOL_CONVERSION = YES;
				CLANG_WARN_CONSTANT_CONVERSION = YES;
				CLANG_WARN_DIRECT_OBJC_ISA_USAGE = YES_ERROR;
				CLANG_WARN_DOCUMENTATION_COMMENTS = YES;
				CLANG_WARN_EMPTY_BODY = YES;
				CLANG_WARN_ENUM_CONVERSION = YES;
				CLANG_WARN_INFINITE_RECURSION = YES;
				CLANG_WARN_INT_CONVERSION = YES;
				CLANG_WARN_OBJC_ROOT_CLASS = YES_ERROR;
				CLANG_WARN_SUSPICIOUS_MOVE = YES;
				CLANG_WARN_UNREACHABLE_CODE = YES;
				CLANG_WARN__DUPLICATE_METHOD_MATCH = YES;
				"CODE_SIGN_IDENTITY[sdk=iphoneos*]" = "iPhone Developer";
				COPY_PHASE_STRIP = NO;
				DEBUG_INFORMATION_FORMAT = "dwarf-with-dsym";
				ENABLE_NS_ASSERTIONS = NO;
				ENABLE_STRICT_OBJC_MSGSEND = YES;
				GCC_C_LANGUAGE_STANDARD = gnu99;
				GCC_NO_COMMON_BLOCKS = YES;
				GCC_WARN_64_TO_32_BIT_CONVERSION = YES;
				GCC_WARN_ABOUT_RETURN_TYPE = YES_ERROR;
				GCC_WARN_UNDECLARED_SELECTOR = YES;
				GCC_WARN_UNINITIALIZED_AUTOS = YES_AGGRESSIVE;
				GCC_WARN_UNUSED_FUNCTION = YES;
				GCC_WARN_UNUSED_VARIABLE = YES;
				IPHONEOS_DEPLOYMENT_TARGET = 10.2;
				MTL_ENABLE_DEBUG_INFO = NO;
				SDKROOT = iphoneos;
				SWIFT_OPTIMIZATION_LEVEL = "-Owholemodule";
				TARGETED_DEVICE_FAMILY = "1,2";
				VALIDATE_PRODUCT = YES;
			};
			name = Release;
		};
		EA9DC9D51E0F3B18000FCF02 /* Debug */ = {
			isa = XCBuildConfiguration;
			buildSettings = {
				ASSETCATALOG_COMPILER_APPICON_NAME = AppIcon;
				DEVELOPMENT_TEAM = A9PBWT52W8;
				INFOPLIST_FILE = "Example-iOS/Info.plist";
				LD_RUNPATH_SEARCH_PATHS = "$(inherited) @executable_path/Frameworks";
				PRODUCT_BUNDLE_IDENTIFIER = "solarjetmen.Example-iOS";
				PRODUCT_NAME = "$(TARGET_NAME)";
				SWIFT_VERSION = 3.0;
			};
			name = Debug;
		};
		EA9DC9D61E0F3B18000FCF02 /* Release */ = {
			isa = XCBuildConfiguration;
			buildSettings = {
				ASSETCATALOG_COMPILER_APPICON_NAME = AppIcon;
				DEVELOPMENT_TEAM = A9PBWT52W8;
				INFOPLIST_FILE = "Example-iOS/Info.plist";
				LD_RUNPATH_SEARCH_PATHS = "$(inherited) @executable_path/Frameworks";
				PRODUCT_BUNDLE_IDENTIFIER = "solarjetmen.Example-iOS";
				PRODUCT_NAME = "$(TARGET_NAME)";
				SWIFT_VERSION = 3.0;
			};
			name = Release;
		};
/* End XCBuildConfiguration section */

/* Begin XCConfigurationList section */
		EA9DC9BD1E0F3B18000FCF02 /* Build configuration list for PBXProject "Example-iOS" */ = {
			isa = XCConfigurationList;
			buildConfigurations = (
				EA9DC9D21E0F3B18000FCF02 /* Debug */,
				EA9DC9D31E0F3B18000FCF02 /* Release */,
			);
			defaultConfigurationIsVisible = 0;
			defaultConfigurationName = Release;
		};
		EA9DC9D41E0F3B18000FCF02 /* Build configuration list for PBXNativeTarget "Example-iOS" */ = {
			isa = XCConfigurationList;
			buildConfigurations = (
				EA9DC9D51E0F3B18000FCF02 /* Debug */,
				EA9DC9D61E0F3B18000FCF02 /* Release */,
			);
			defaultConfigurationIsVisible = 0;
			defaultConfigurationName = Release;
		};
/* End XCConfigurationList section */
	};
	rootObject = EA9DC9BA1E0F3B18000FCF02 /* Project object */;
}
